// !$*UTF8*$!
{
	archiveVersion = 1;
	classes = {
	};
	objectVersion = 55;
	objects = {

/* Begin PBXBuildFile section */
		00BA22B6346DA1D49C3E8A8F /* Pods_CoreDataPlatform.framework in Frameworks */ = {isa = PBXBuildFile; fileRef = C1E7FBF2B50E5C4A88BECF75 /* Pods_CoreDataPlatform.framework */; };
		2F6600B22793072A00C44A2D /* CoreDataPlatform.framework in Frameworks */ = {isa = PBXBuildFile; fileRef = 2F6600A92793072A00C44A2D /* CoreDataPlatform.framework */; };
		2F6600B72793072A00C44A2D /* CoreDataPlatformTests.swift in Sources */ = {isa = PBXBuildFile; fileRef = 2F6600B62793072A00C44A2D /* CoreDataPlatformTests.swift */; };
		2F6600B82793072A00C44A2D /* CoreDataPlatform.h in Headers */ = {isa = PBXBuildFile; fileRef = 2F6600AC2793072A00C44A2D /* CoreDataPlatform.h */; settings = {ATTRIBUTES = (Public, ); }; };
		2F6600C22793078B00C44A2D /* Domain.framework in Frameworks */ = {isa = PBXBuildFile; fileRef = 2F6600C12793078B00C44A2D /* Domain.framework */; };
		2F6600CA2793120200C44A2D /* Model.xcdatamodeld in Sources */ = {isa = PBXBuildFile; fileRef = 2F6600C82793120200C44A2D /* Model.xcdatamodeld */; };
		2F6600CC2793184500C44A2D /* DBLoader.swift in Sources */ = {isa = PBXBuildFile; fileRef = 2F6600CB2793184500C44A2D /* DBLoader.swift */; };
		2F6600FF279323D400C44A2D /* CDPost+CoreDataProperties.swift in Sources */ = {isa = PBXBuildFile; fileRef = 2F6600F9279323D400C44A2D /* CDPost+CoreDataProperties.swift */; };
		2F660102279323D400C44A2D /* CDPost+CoreDataClass.swift in Sources */ = {isa = PBXBuildFile; fileRef = 2F6600FC279323D400C44A2D /* CDPost+CoreDataClass.swift */; };
		2F660106279326ED00C44A2D /* DomainConvertible.swift in Sources */ = {isa = PBXBuildFile; fileRef = 2F660105279326ED00C44A2D /* DomainConvertible.swift */; };
		2F66010C2793277800C44A2D /* CDPost+extension.swift in Sources */ = {isa = PBXBuildFile; fileRef = 2F66010B2793277800C44A2D /* CDPost+extension.swift */; };
		2F66010E2793289500C44A2D /* Persistable.swift in Sources */ = {isa = PBXBuildFile; fileRef = 2F66010D2793289500C44A2D /* Persistable.swift */; };
		2F660110279328D400C44A2D /* CoreDataRepresentable.swift in Sources */ = {isa = PBXBuildFile; fileRef = 2F66010F279328D400C44A2D /* CoreDataRepresentable.swift */; };
		2F66011327933B5200C44A2D /* DAO.swift in Sources */ = {isa = PBXBuildFile; fileRef = 2F66011227933B5200C44A2D /* DAO.swift */; };
		2F66011527933C4C00C44A2D /* DAOImpl.swift in Sources */ = {isa = PBXBuildFile; fileRef = 2F66011427933C4C00C44A2D /* DAOImpl.swift */; };
		2F6601182793400E00C44A2D /* NSManagedObjectContext+rx+extension.swift in Sources */ = {isa = PBXBuildFile; fileRef = 2F6601172793400E00C44A2D /* NSManagedObjectContext+rx+extension.swift */; };
		2F66011A279340AF00C44A2D /* FetchedResultsControllerEntityObserver.swift in Sources */ = {isa = PBXBuildFile; fileRef = 2F660119279340AF00C44A2D /* FetchedResultsControllerEntityObserver.swift */; };
		2F66011D279343E500C44A2D /* NSManagedObjectContext+extension.swift in Sources */ = {isa = PBXBuildFile; fileRef = 2F66011C279343E400C44A2D /* NSManagedObjectContext+extension.swift */; };
		2F66011F2793461000C44A2D /* Sequence+extension.swift in Sources */ = {isa = PBXBuildFile; fileRef = 2F66011E2793461000C44A2D /* Sequence+extension.swift */; };
		2F6601212793466800C44A2D /* Observable+extension.swift in Sources */ = {isa = PBXBuildFile; fileRef = 2F6601202793466800C44A2D /* Observable+extension.swift */; };
		2F660126279351DC00C44A2D /* PostsRepository.swift in Sources */ = {isa = PBXBuildFile; fileRef = 2F660125279351DC00C44A2D /* PostsRepository.swift */; };
		2F6601282793670800C44A2D /* RepositoryFactory.swift in Sources */ = {isa = PBXBuildFile; fileRef = 2F6601272793670800C44A2D /* RepositoryFactory.swift */; };
		5DDF84F6FF2D2F414432AEE5 /* Pods_CoreDataPlatform_CoreDataPlatformTests.framework in Frameworks */ = {isa = PBXBuildFile; fileRef = 3352B3B516F22AABE0F5059F /* Pods_CoreDataPlatform_CoreDataPlatformTests.framework */; };
/* End PBXBuildFile section */

/* Begin PBXContainerItemProxy section */
		2F6600B32793072A00C44A2D /* PBXContainerItemProxy */ = {
			isa = PBXContainerItemProxy;
			containerPortal = 2F6600A02793072A00C44A2D /* Project object */;
			proxyType = 1;
			remoteGlobalIDString = 2F6600A82793072A00C44A2D;
			remoteInfo = CoreDataPlatform;
		};
/* End PBXContainerItemProxy section */

/* Begin PBXFileReference section */
		2765E5AEC570D0BD182BB8F1 /* Pods-CoreDataPlatform-CoreDataPlatformTests.release.xcconfig */ = {isa = PBXFileReference; includeInIndex = 1; lastKnownFileType = text.xcconfig; name = "Pods-CoreDataPlatform-CoreDataPlatformTests.release.xcconfig"; path = "Target Support Files/Pods-CoreDataPlatform-CoreDataPlatformTests/Pods-CoreDataPlatform-CoreDataPlatformTests.release.xcconfig"; sourceTree = "<group>"; };
		2F6600A92793072A00C44A2D /* CoreDataPlatform.framework */ = {isa = PBXFileReference; explicitFileType = wrapper.framework; includeInIndex = 0; path = CoreDataPlatform.framework; sourceTree = BUILT_PRODUCTS_DIR; };
		2F6600AC2793072A00C44A2D /* CoreDataPlatform.h */ = {isa = PBXFileReference; lastKnownFileType = sourcecode.c.h; path = CoreDataPlatform.h; sourceTree = "<group>"; };
		2F6600B12793072A00C44A2D /* CoreDataPlatformTests.xctest */ = {isa = PBXFileReference; explicitFileType = wrapper.cfbundle; includeInIndex = 0; path = CoreDataPlatformTests.xctest; sourceTree = BUILT_PRODUCTS_DIR; };
		2F6600B62793072A00C44A2D /* CoreDataPlatformTests.swift */ = {isa = PBXFileReference; lastKnownFileType = sourcecode.swift; path = CoreDataPlatformTests.swift; sourceTree = "<group>"; };
		2F6600C12793078B00C44A2D /* Domain.framework */ = {isa = PBXFileReference; explicitFileType = wrapper.framework; path = Domain.framework; sourceTree = BUILT_PRODUCTS_DIR; };
		2F6600C92793120200C44A2D /* Model.xcdatamodel */ = {isa = PBXFileReference; lastKnownFileType = wrapper.xcdatamodel; path = Model.xcdatamodel; sourceTree = "<group>"; };
		2F6600CB2793184500C44A2D /* DBLoader.swift */ = {isa = PBXFileReference; lastKnownFileType = sourcecode.swift; path = DBLoader.swift; sourceTree = "<group>"; };
		2F6600F9279323D400C44A2D /* CDPost+CoreDataProperties.swift */ = {isa = PBXFileReference; fileEncoding = 4; lastKnownFileType = sourcecode.swift; path = "CDPost+CoreDataProperties.swift"; sourceTree = "<group>"; };
		2F6600FC279323D400C44A2D /* CDPost+CoreDataClass.swift */ = {isa = PBXFileReference; fileEncoding = 4; lastKnownFileType = sourcecode.swift; path = "CDPost+CoreDataClass.swift"; sourceTree = "<group>"; };
		2F660105279326ED00C44A2D /* DomainConvertible.swift */ = {isa = PBXFileReference; lastKnownFileType = sourcecode.swift; path = DomainConvertible.swift; sourceTree = "<group>"; };
		2F66010B2793277800C44A2D /* CDPost+extension.swift */ = {isa = PBXFileReference; lastKnownFileType = sourcecode.swift; path = "CDPost+extension.swift"; sourceTree = "<group>"; };
		2F66010D2793289500C44A2D /* Persistable.swift */ = {isa = PBXFileReference; lastKnownFileType = sourcecode.swift; path = Persistable.swift; sourceTree = "<group>"; };
		2F66010F279328D400C44A2D /* CoreDataRepresentable.swift */ = {isa = PBXFileReference; lastKnownFileType = sourcecode.swift; path = CoreDataRepresentable.swift; sourceTree = "<group>"; };
		2F66011227933B5200C44A2D /* DAO.swift */ = {isa = PBXFileReference; lastKnownFileType = sourcecode.swift; path = DAO.swift; sourceTree = "<group>"; };
		2F66011427933C4C00C44A2D /* DAOImpl.swift */ = {isa = PBXFileReference; lastKnownFileType = sourcecode.swift; path = DAOImpl.swift; sourceTree = "<group>"; };
		2F6601172793400E00C44A2D /* NSManagedObjectContext+rx+extension.swift */ = {isa = PBXFileReference; lastKnownFileType = sourcecode.swift; path = "NSManagedObjectContext+rx+extension.swift"; sourceTree = "<group>"; };
		2F660119279340AF00C44A2D /* FetchedResultsControllerEntityObserver.swift */ = {isa = PBXFileReference; lastKnownFileType = sourcecode.swift; path = FetchedResultsControllerEntityObserver.swift; sourceTree = "<group>"; };
		2F66011C279343E400C44A2D /* NSManagedObjectContext+extension.swift */ = {isa = PBXFileReference; lastKnownFileType = sourcecode.swift; path = "NSManagedObjectContext+extension.swift"; sourceTree = "<group>"; };
		2F66011E2793461000C44A2D /* Sequence+extension.swift */ = {isa = PBXFileReference; lastKnownFileType = sourcecode.swift; path = "Sequence+extension.swift"; sourceTree = "<group>"; };
		2F6601202793466800C44A2D /* Observable+extension.swift */ = {isa = PBXFileReference; lastKnownFileType = sourcecode.swift; path = "Observable+extension.swift"; sourceTree = "<group>"; };
		2F660125279351DC00C44A2D /* PostsRepository.swift */ = {isa = PBXFileReference; lastKnownFileType = sourcecode.swift; path = PostsRepository.swift; sourceTree = "<group>"; };
		2F6601272793670800C44A2D /* RepositoryFactory.swift */ = {isa = PBXFileReference; lastKnownFileType = sourcecode.swift; path = RepositoryFactory.swift; sourceTree = "<group>"; };
		3352B3B516F22AABE0F5059F /* Pods_CoreDataPlatform_CoreDataPlatformTests.framework */ = {isa = PBXFileReference; explicitFileType = wrapper.framework; includeInIndex = 0; path = Pods_CoreDataPlatform_CoreDataPlatformTests.framework; sourceTree = BUILT_PRODUCTS_DIR; };
		4AC4889CC1734EE03D63D7B7 /* Pods-CoreDataPlatform-CoreDataPlatformTests.debug.xcconfig */ = {isa = PBXFileReference; includeInIndex = 1; lastKnownFileType = text.xcconfig; name = "Pods-CoreDataPlatform-CoreDataPlatformTests.debug.xcconfig"; path = "Target Support Files/Pods-CoreDataPlatform-CoreDataPlatformTests/Pods-CoreDataPlatform-CoreDataPlatformTests.debug.xcconfig"; sourceTree = "<group>"; };
		5DE422C3FDCF4557D331DF6B /* Pods-CoreDataPlatform.debug.xcconfig */ = {isa = PBXFileReference; includeInIndex = 1; lastKnownFileType = text.xcconfig; name = "Pods-CoreDataPlatform.debug.xcconfig"; path = "Target Support Files/Pods-CoreDataPlatform/Pods-CoreDataPlatform.debug.xcconfig"; sourceTree = "<group>"; };
		6C049D218CF98B191EB53D29 /* Pods-CoreDataPlatform.release.xcconfig */ = {isa = PBXFileReference; includeInIndex = 1; lastKnownFileType = text.xcconfig; name = "Pods-CoreDataPlatform.release.xcconfig"; path = "Target Support Files/Pods-CoreDataPlatform/Pods-CoreDataPlatform.release.xcconfig"; sourceTree = "<group>"; };
		C1E7FBF2B50E5C4A88BECF75 /* Pods_CoreDataPlatform.framework */ = {isa = PBXFileReference; explicitFileType = wrapper.framework; includeInIndex = 0; path = Pods_CoreDataPlatform.framework; sourceTree = BUILT_PRODUCTS_DIR; };
/* End PBXFileReference section */

/* Begin PBXFrameworksBuildPhase section */
		2F6600A62793072A00C44A2D /* Frameworks */ = {
			isa = PBXFrameworksBuildPhase;
			buildActionMask = 2147483647;
			files = (
				2F6600C22793078B00C44A2D /* Domain.framework in Frameworks */,
				00BA22B6346DA1D49C3E8A8F /* Pods_CoreDataPlatform.framework in Frameworks */,
			);
			runOnlyForDeploymentPostprocessing = 0;
		};
		2F6600AE2793072A00C44A2D /* Frameworks */ = {
			isa = PBXFrameworksBuildPhase;
			buildActionMask = 2147483647;
			files = (
				2F6600B22793072A00C44A2D /* CoreDataPlatform.framework in Frameworks */,
				5DDF84F6FF2D2F414432AEE5 /* Pods_CoreDataPlatform_CoreDataPlatformTests.framework in Frameworks */,
			);
			runOnlyForDeploymentPostprocessing = 0;
		};
/* End PBXFrameworksBuildPhase section */

/* Begin PBXGroup section */
		0E5F796D6CFF89DC34187D7A /* Frameworks */ = {
			isa = PBXGroup;
			children = (
				2F6600C12793078B00C44A2D /* Domain.framework */,
				C1E7FBF2B50E5C4A88BECF75 /* Pods_CoreDataPlatform.framework */,
				3352B3B516F22AABE0F5059F /* Pods_CoreDataPlatform_CoreDataPlatformTests.framework */,
			);
			name = Frameworks;
			sourceTree = "<group>";
		};
		2F66009F2793072A00C44A2D = {
			isa = PBXGroup;
			children = (
				2F6600AB2793072A00C44A2D /* CoreDataPlatform */,
				2F6600B52793072A00C44A2D /* CoreDataPlatformTests */,
				2F6600AA2793072A00C44A2D /* Products */,
				68978E83FAF7201F51D0906D /* Pods */,
				0E5F796D6CFF89DC34187D7A /* Frameworks */,
			);
			sourceTree = "<group>";
		};
		2F6600AA2793072A00C44A2D /* Products */ = {
			isa = PBXGroup;
			children = (
				2F6600A92793072A00C44A2D /* CoreDataPlatform.framework */,
				2F6600B12793072A00C44A2D /* CoreDataPlatformTests.xctest */,
			);
			name = Products;
			sourceTree = "<group>";
		};
		2F6600AB2793072A00C44A2D /* CoreDataPlatform */ = {
			isa = PBXGroup;
			children = (
				2F6600CB2793184500C44A2D /* DBLoader.swift */,
				2F6600CD2793196300C44A2D /* Entities */,
				2F66011127933B3900C44A2D /* DAO */,
				2F660124279351C800C44A2D /* Repository */,
				2F66011627933FAE00C44A2D /* RxCoreData */,
				2F66011B279343BC00C44A2D /* Extension */,
				2F6600AC2793072A00C44A2D /* CoreDataPlatform.h */,
				2F6600C82793120200C44A2D /* Model.xcdatamodeld */,
			);
			path = CoreDataPlatform;
			sourceTree = "<group>";
		};
		2F6600B52793072A00C44A2D /* CoreDataPlatformTests */ = {
			isa = PBXGroup;
			children = (
				2F6600B62793072A00C44A2D /* CoreDataPlatformTests.swift */,
			);
			path = CoreDataPlatformTests;
			sourceTree = "<group>";
		};
		2F6600CD2793196300C44A2D /* Entities */ = {
			isa = PBXGroup;
			children = (
				2F660104279326CF00C44A2D /* Convertation */,
				2F6600FC279323D400C44A2D /* CDPost+CoreDataClass.swift */,
				2F6600F9279323D400C44A2D /* CDPost+CoreDataProperties.swift */,
				2F66010B2793277800C44A2D /* CDPost+extension.swift */,
			);
			path = Entities;
			sourceTree = "<group>";
		};
		2F660104279326CF00C44A2D /* Convertation */ = {
			isa = PBXGroup;
			children = (
				2F660105279326ED00C44A2D /* DomainConvertible.swift */,
				2F66010F279328D400C44A2D /* CoreDataRepresentable.swift */,
				2F66010D2793289500C44A2D /* Persistable.swift */,
			);
			path = Convertation;
			sourceTree = "<group>";
		};
		2F66011127933B3900C44A2D /* DAO */ = {
			isa = PBXGroup;
			children = (
				2F66011227933B5200C44A2D /* DAO.swift */,
				2F66011427933C4C00C44A2D /* DAOImpl.swift */,
			);
			path = DAO;
			sourceTree = "<group>";
		};
		2F66011627933FAE00C44A2D /* RxCoreData */ = {
			isa = PBXGroup;
			children = (
				2F660119279340AF00C44A2D /* FetchedResultsControllerEntityObserver.swift */,
				2F6601172793400E00C44A2D /* NSManagedObjectContext+rx+extension.swift */,
			);
			path = RxCoreData;
			sourceTree = "<group>";
		};
		2F66011B279343BC00C44A2D /* Extension */ = {
			isa = PBXGroup;
			children = (
				2F66011E2793461000C44A2D /* Sequence+extension.swift */,
				2F66011C279343E400C44A2D /* NSManagedObjectContext+extension.swift */,
				2F6601202793466800C44A2D /* Observable+extension.swift */,
			);
			path = Extension;
			sourceTree = "<group>";
		};
		2F660124279351C800C44A2D /* Repository */ = {
			isa = PBXGroup;
			children = (
				2F6601272793670800C44A2D /* RepositoryFactory.swift */,
				2F660125279351DC00C44A2D /* PostsRepository.swift */,
			);
			path = Repository;
			sourceTree = "<group>";
		};
		68978E83FAF7201F51D0906D /* Pods */ = {
			isa = PBXGroup;
			children = (
				5DE422C3FDCF4557D331DF6B /* Pods-CoreDataPlatform.debug.xcconfig */,
				6C049D218CF98B191EB53D29 /* Pods-CoreDataPlatform.release.xcconfig */,
				4AC4889CC1734EE03D63D7B7 /* Pods-CoreDataPlatform-CoreDataPlatformTests.debug.xcconfig */,
				2765E5AEC570D0BD182BB8F1 /* Pods-CoreDataPlatform-CoreDataPlatformTests.release.xcconfig */,
			);
			name = Pods;
			path = ../Pods;
			sourceTree = "<group>";
		};
/* End PBXGroup section */

/* Begin PBXHeadersBuildPhase section */
		2F6600A42793072A00C44A2D /* Headers */ = {
			isa = PBXHeadersBuildPhase;
			buildActionMask = 2147483647;
			files = (
				2F6600B82793072A00C44A2D /* CoreDataPlatform.h in Headers */,
			);
			runOnlyForDeploymentPostprocessing = 0;
		};
/* End PBXHeadersBuildPhase section */

/* Begin PBXNativeTarget section */
		2F6600A82793072A00C44A2D /* CoreDataPlatform */ = {
			isa = PBXNativeTarget;
			buildConfigurationList = 2F6600BB2793072A00C44A2D /* Build configuration list for PBXNativeTarget "CoreDataPlatform" */;
			buildPhases = (
				FAA2D3AAEB821B5F2D6D48F8 /* [CP] Check Pods Manifest.lock */,
				2F6600A42793072A00C44A2D /* Headers */,
				2F6600A52793072A00C44A2D /* Sources */,
				2F6600A62793072A00C44A2D /* Frameworks */,
				2F6600A72793072A00C44A2D /* Resources */,
			);
			buildRules = (
			);
			dependencies = (
			);
			name = CoreDataPlatform;
			productName = CoreDataPlatform;
			productReference = 2F6600A92793072A00C44A2D /* CoreDataPlatform.framework */;
			productType = "com.apple.product-type.framework";
		};
		2F6600B02793072A00C44A2D /* CoreDataPlatformTests */ = {
			isa = PBXNativeTarget;
			buildConfigurationList = 2F6600BE2793072A00C44A2D /* Build configuration list for PBXNativeTarget "CoreDataPlatformTests" */;
			buildPhases = (
				1D80F844692CB21572B9665C /* [CP] Check Pods Manifest.lock */,
				2F6600AD2793072A00C44A2D /* Sources */,
				2F6600AE2793072A00C44A2D /* Frameworks */,
				2F6600AF2793072A00C44A2D /* Resources */,
				09EE6A6D43CBD41E889F7380 /* [CP] Embed Pods Frameworks */,
			);
			buildRules = (
			);
			dependencies = (
				2F6600B42793072A00C44A2D /* PBXTargetDependency */,
			);
			name = CoreDataPlatformTests;
			productName = CoreDataPlatformTests;
			productReference = 2F6600B12793072A00C44A2D /* CoreDataPlatformTests.xctest */;
			productType = "com.apple.product-type.bundle.unit-test";
		};
/* End PBXNativeTarget section */

/* Begin PBXProject section */
		2F6600A02793072A00C44A2D /* Project object */ = {
			isa = PBXProject;
			attributes = {
				BuildIndependentTargetsInParallel = 1;
				LastSwiftUpdateCheck = 1320;
				LastUpgradeCheck = 1320;
				TargetAttributes = {
					2F6600A82793072A00C44A2D = {
						CreatedOnToolsVersion = 13.2.1;
						LastSwiftMigration = 1320;
					};
					2F6600B02793072A00C44A2D = {
						CreatedOnToolsVersion = 13.2.1;
					};
				};
			};
			buildConfigurationList = 2F6600A32793072A00C44A2D /* Build configuration list for PBXProject "CoreDataPlatform" */;
			compatibilityVersion = "Xcode 13.0";
			developmentRegion = en;
			hasScannedForEncodings = 0;
			knownRegions = (
				en,
				Base,
			);
			mainGroup = 2F66009F2793072A00C44A2D;
			productRefGroup = 2F6600AA2793072A00C44A2D /* Products */;
			projectDirPath = "";
			projectRoot = "";
			targets = (
				2F6600A82793072A00C44A2D /* CoreDataPlatform */,
				2F6600B02793072A00C44A2D /* CoreDataPlatformTests */,
			);
		};
/* End PBXProject section */

/* Begin PBXResourcesBuildPhase section */
		2F6600A72793072A00C44A2D /* Resources */ = {
			isa = PBXResourcesBuildPhase;
			buildActionMask = 2147483647;
			files = (
			);
			runOnlyForDeploymentPostprocessing = 0;
		};
		2F6600AF2793072A00C44A2D /* Resources */ = {
			isa = PBXResourcesBuildPhase;
			buildActionMask = 2147483647;
			files = (
			);
			runOnlyForDeploymentPostprocessing = 0;
		};
/* End PBXResourcesBuildPhase section */

/* Begin PBXShellScriptBuildPhase section */
		09EE6A6D43CBD41E889F7380 /* [CP] Embed Pods Frameworks */ = {
			isa = PBXShellScriptBuildPhase;
			buildActionMask = 2147483647;
			files = (
			);
			inputFileListPaths = (
				"${PODS_ROOT}/Target Support Files/Pods-CoreDataPlatform-CoreDataPlatformTests/Pods-CoreDataPlatform-CoreDataPlatformTests-frameworks-${CONFIGURATION}-input-files.xcfilelist",
			);
			name = "[CP] Embed Pods Frameworks";
			outputFileListPaths = (
				"${PODS_ROOT}/Target Support Files/Pods-CoreDataPlatform-CoreDataPlatformTests/Pods-CoreDataPlatform-CoreDataPlatformTests-frameworks-${CONFIGURATION}-output-files.xcfilelist",
			);
			runOnlyForDeploymentPostprocessing = 0;
			shellPath = /bin/sh;
			shellScript = "\"${PODS_ROOT}/Target Support Files/Pods-CoreDataPlatform-CoreDataPlatformTests/Pods-CoreDataPlatform-CoreDataPlatformTests-frameworks.sh\"\n";
			showEnvVarsInLog = 0;
		};
		1D80F844692CB21572B9665C /* [CP] Check Pods Manifest.lock */ = {
			isa = PBXShellScriptBuildPhase;
			buildActionMask = 2147483647;
			files = (
			);
			inputFileListPaths = (
			);
			inputPaths = (
				"${PODS_PODFILE_DIR_PATH}/Podfile.lock",
				"${PODS_ROOT}/Manifest.lock",
			);
			name = "[CP] Check Pods Manifest.lock";
			outputFileListPaths = (
			);
			outputPaths = (
				"$(DERIVED_FILE_DIR)/Pods-CoreDataPlatform-CoreDataPlatformTests-checkManifestLockResult.txt",
			);
			runOnlyForDeploymentPostprocessing = 0;
			shellPath = /bin/sh;
			shellScript = "diff \"${PODS_PODFILE_DIR_PATH}/Podfile.lock\" \"${PODS_ROOT}/Manifest.lock\" > /dev/null\nif [ $? != 0 ] ; then\n    # print error to STDERR\n    echo \"error: The sandbox is not in sync with the Podfile.lock. Run 'pod install' or update your CocoaPods installation.\" >&2\n    exit 1\nfi\n# This output is used by Xcode 'outputs' to avoid re-running this script phase.\necho \"SUCCESS\" > \"${SCRIPT_OUTPUT_FILE_0}\"\n";
			showEnvVarsInLog = 0;
		};
		FAA2D3AAEB821B5F2D6D48F8 /* [CP] Check Pods Manifest.lock */ = {
			isa = PBXShellScriptBuildPhase;
			buildActionMask = 2147483647;
			files = (
			);
			inputFileListPaths = (
			);
			inputPaths = (
				"${PODS_PODFILE_DIR_PATH}/Podfile.lock",
				"${PODS_ROOT}/Manifest.lock",
			);
			name = "[CP] Check Pods Manifest.lock";
			outputFileListPaths = (
			);
			outputPaths = (
				"$(DERIVED_FILE_DIR)/Pods-CoreDataPlatform-checkManifestLockResult.txt",
			);
			runOnlyForDeploymentPostprocessing = 0;
			shellPath = /bin/sh;
			shellScript = "diff \"${PODS_PODFILE_DIR_PATH}/Podfile.lock\" \"${PODS_ROOT}/Manifest.lock\" > /dev/null\nif [ $? != 0 ] ; then\n    # print error to STDERR\n    echo \"error: The sandbox is not in sync with the Podfile.lock. Run 'pod install' or update your CocoaPods installation.\" >&2\n    exit 1\nfi\n# This output is used by Xcode 'outputs' to avoid re-running this script phase.\necho \"SUCCESS\" > \"${SCRIPT_OUTPUT_FILE_0}\"\n";
			showEnvVarsInLog = 0;
		};
/* End PBXShellScriptBuildPhase section */

/* Begin PBXSourcesBuildPhase section */
		2F6600A52793072A00C44A2D /* Sources */ = {
			isa = PBXSourcesBuildPhase;
			buildActionMask = 2147483647;
			files = (
				2F66010E2793289500C44A2D /* Persistable.swift in Sources */,
				2F660126279351DC00C44A2D /* PostsRepository.swift in Sources */,
				2F6600CC2793184500C44A2D /* DBLoader.swift in Sources */,
				2F660106279326ED00C44A2D /* DomainConvertible.swift in Sources */,
				2F6601182793400E00C44A2D /* NSManagedObjectContext+rx+extension.swift in Sources */,
				2F66010C2793277800C44A2D /* CDPost+extension.swift in Sources */,
				2F6600CA2793120200C44A2D /* Model.xcdatamodeld in Sources */,
				2F66011F2793461000C44A2D /* Sequence+extension.swift in Sources */,
				2F66011D279343E500C44A2D /* NSManagedObjectContext+extension.swift in Sources */,
				2F660110279328D400C44A2D /* CoreDataRepresentable.swift in Sources */,
				2F6601212793466800C44A2D /* Observable+extension.swift in Sources */,
				2F66011327933B5200C44A2D /* DAO.swift in Sources */,
				2F6601282793670800C44A2D /* RepositoryFactory.swift in Sources */,
				2F66011A279340AF00C44A2D /* FetchedResultsControllerEntityObserver.swift in Sources */,
				2F6600FF279323D400C44A2D /* CDPost+CoreDataProperties.swift in Sources */,
				2F66011527933C4C00C44A2D /* DAOImpl.swift in Sources */,
				2F660102279323D400C44A2D /* CDPost+CoreDataClass.swift in Sources */,
			);
			runOnlyForDeploymentPostprocessing = 0;
		};
		2F6600AD2793072A00C44A2D /* Sources */ = {
			isa = PBXSourcesBuildPhase;
			buildActionMask = 2147483647;
			files = (
				2F6600B72793072A00C44A2D /* CoreDataPlatformTests.swift in Sources */,
			);
			runOnlyForDeploymentPostprocessing = 0;
		};
/* End PBXSourcesBuildPhase section */

/* Begin PBXTargetDependency section */
		2F6600B42793072A00C44A2D /* PBXTargetDependency */ = {
			isa = PBXTargetDependency;
			target = 2F6600A82793072A00C44A2D /* CoreDataPlatform */;
			targetProxy = 2F6600B32793072A00C44A2D /* PBXContainerItemProxy */;
		};
/* End PBXTargetDependency section */

/* Begin XCBuildConfiguration section */
		2F6600B92793072A00C44A2D /* Debug */ = {
			isa = XCBuildConfiguration;
			buildSettings = {
				ALWAYS_SEARCH_USER_PATHS = NO;
				CLANG_ANALYZER_NONNULL = YES;
				CLANG_ANALYZER_NUMBER_OBJECT_CONVERSION = YES_AGGRESSIVE;
				CLANG_CXX_LANGUAGE_STANDARD = "gnu++17";
				CLANG_CXX_LIBRARY = "libc++";
				CLANG_ENABLE_MODULES = YES;
				CLANG_ENABLE_OBJC_ARC = YES;
				CLANG_ENABLE_OBJC_WEAK = YES;
				CLANG_WARN_BLOCK_CAPTURE_AUTORELEASING = YES;
				CLANG_WARN_BOOL_CONVERSION = YES;
				CLANG_WARN_COMMA = YES;
				CLANG_WARN_CONSTANT_CONVERSION = YES;
				CLANG_WARN_DEPRECATED_OBJC_IMPLEMENTATIONS = YES;
				CLANG_WARN_DIRECT_OBJC_ISA_USAGE = YES_ERROR;
				CLANG_WARN_DOCUMENTATION_COMMENTS = YES;
				CLANG_WARN_EMPTY_BODY = YES;
				CLANG_WARN_ENUM_CONVERSION = YES;
				CLANG_WARN_INFINITE_RECURSION = YES;
				CLANG_WARN_INT_CONVERSION = YES;
				CLANG_WARN_NON_LITERAL_NULL_CONVERSION = YES;
				CLANG_WARN_OBJC_IMPLICIT_RETAIN_SELF = YES;
				CLANG_WARN_OBJC_LITERAL_CONVERSION = YES;
				CLANG_WARN_OBJC_ROOT_CLASS = YES_ERROR;
				CLANG_WARN_QUOTED_INCLUDE_IN_FRAMEWORK_HEADER = YES;
				CLANG_WARN_RANGE_LOOP_ANALYSIS = YES;
				CLANG_WARN_STRICT_PROTOTYPES = YES;
				CLANG_WARN_SUSPICIOUS_MOVE = YES;
				CLANG_WARN_UNGUARDED_AVAILABILITY = YES_AGGRESSIVE;
				CLANG_WARN_UNREACHABLE_CODE = YES;
				CLANG_WARN__DUPLICATE_METHOD_MATCH = YES;
				COPY_PHASE_STRIP = NO;
				CURRENT_PROJECT_VERSION = 1;
				DEBUG_INFORMATION_FORMAT = dwarf;
				ENABLE_STRICT_OBJC_MSGSEND = YES;
				ENABLE_TESTABILITY = YES;
				GCC_C_LANGUAGE_STANDARD = gnu11;
				GCC_DYNAMIC_NO_PIC = NO;
				GCC_NO_COMMON_BLOCKS = YES;
				GCC_OPTIMIZATION_LEVEL = 0;
				GCC_PREPROCESSOR_DEFINITIONS = (
					"DEBUG=1",
					"$(inherited)",
				);
				GCC_WARN_64_TO_32_BIT_CONVERSION = YES;
				GCC_WARN_ABOUT_RETURN_TYPE = YES_ERROR;
				GCC_WARN_UNDECLARED_SELECTOR = YES;
				GCC_WARN_UNINITIALIZED_AUTOS = YES_AGGRESSIVE;
				GCC_WARN_UNUSED_FUNCTION = YES;
				GCC_WARN_UNUSED_VARIABLE = YES;
				IPHONEOS_DEPLOYMENT_TARGET = 13.0;
				MTL_ENABLE_DEBUG_INFO = INCLUDE_SOURCE;
				MTL_FAST_MATH = YES;
				ONLY_ACTIVE_ARCH = YES;
				SDKROOT = iphoneos;
				SWIFT_ACTIVE_COMPILATION_CONDITIONS = DEBUG;
				SWIFT_OPTIMIZATION_LEVEL = "-Onone";
				VERSIONING_SYSTEM = "apple-generic";
				VERSION_INFO_PREFIX = "";
			};
			name = Debug;
		};
		2F6600BA2793072A00C44A2D /* Release */ = {
			isa = XCBuildConfiguration;
			buildSettings = {
				ALWAYS_SEARCH_USER_PATHS = NO;
				CLANG_ANALYZER_NONNULL = YES;
				CLANG_ANALYZER_NUMBER_OBJECT_CONVERSION = YES_AGGRESSIVE;
				CLANG_CXX_LANGUAGE_STANDARD = "gnu++17";
				CLANG_CXX_LIBRARY = "libc++";
				CLANG_ENABLE_MODULES = YES;
				CLANG_ENABLE_OBJC_ARC = YES;
				CLANG_ENABLE_OBJC_WEAK = YES;
				CLANG_WARN_BLOCK_CAPTURE_AUTORELEASING = YES;
				CLANG_WARN_BOOL_CONVERSION = YES;
				CLANG_WARN_COMMA = YES;
				CLANG_WARN_CONSTANT_CONVERSION = YES;
				CLANG_WARN_DEPRECATED_OBJC_IMPLEMENTATIONS = YES;
				CLANG_WARN_DIRECT_OBJC_ISA_USAGE = YES_ERROR;
				CLANG_WARN_DOCUMENTATION_COMMENTS = YES;
				CLANG_WARN_EMPTY_BODY = YES;
				CLANG_WARN_ENUM_CONVERSION = YES;
				CLANG_WARN_INFINITE_RECURSION = YES;
				CLANG_WARN_INT_CONVERSION = YES;
				CLANG_WARN_NON_LITERAL_NULL_CONVERSION = YES;
				CLANG_WARN_OBJC_IMPLICIT_RETAIN_SELF = YES;
				CLANG_WARN_OBJC_LITERAL_CONVERSION = YES;
				CLANG_WARN_OBJC_ROOT_CLASS = YES_ERROR;
				CLANG_WARN_QUOTED_INCLUDE_IN_FRAMEWORK_HEADER = YES;
				CLANG_WARN_RANGE_LOOP_ANALYSIS = YES;
				CLANG_WARN_STRICT_PROTOTYPES = YES;
				CLANG_WARN_SUSPICIOUS_MOVE = YES;
				CLANG_WARN_UNGUARDED_AVAILABILITY = YES_AGGRESSIVE;
				CLANG_WARN_UNREACHABLE_CODE = YES;
				CLANG_WARN__DUPLICATE_METHOD_MATCH = YES;
				COPY_PHASE_STRIP = NO;
				CURRENT_PROJECT_VERSION = 1;
				DEBUG_INFORMATION_FORMAT = "dwarf-with-dsym";
				ENABLE_NS_ASSERTIONS = NO;
				ENABLE_STRICT_OBJC_MSGSEND = YES;
				GCC_C_LANGUAGE_STANDARD = gnu11;
				GCC_NO_COMMON_BLOCKS = YES;
				GCC_WARN_64_TO_32_BIT_CONVERSION = YES;
				GCC_WARN_ABOUT_RETURN_TYPE = YES_ERROR;
				GCC_WARN_UNDECLARED_SELECTOR = YES;
				GCC_WARN_UNINITIALIZED_AUTOS = YES_AGGRESSIVE;
				GCC_WARN_UNUSED_FUNCTION = YES;
				GCC_WARN_UNUSED_VARIABLE = YES;
				IPHONEOS_DEPLOYMENT_TARGET = 13.0;
				MTL_ENABLE_DEBUG_INFO = NO;
				MTL_FAST_MATH = YES;
				SDKROOT = iphoneos;
				SWIFT_COMPILATION_MODE = wholemodule;
				SWIFT_OPTIMIZATION_LEVEL = "-O";
				VALIDATE_PRODUCT = YES;
				VERSIONING_SYSTEM = "apple-generic";
				VERSION_INFO_PREFIX = "";
			};
			name = Release;
		};
		2F6600BC2793072A00C44A2D /* Debug */ = {
			isa = XCBuildConfiguration;
			baseConfigurationReference = 5DE422C3FDCF4557D331DF6B /* Pods-CoreDataPlatform.debug.xcconfig */;
			buildSettings = {
				CLANG_ENABLE_MODULES = YES;
				CODE_SIGN_STYLE = Automatic;
				CURRENT_PROJECT_VERSION = 1;
				DEFINES_MODULE = YES;
				DEVELOPMENT_TEAM = GHXPN8A4H7;
				DYLIB_COMPATIBILITY_VERSION = 1;
				DYLIB_CURRENT_VERSION = 1;
				DYLIB_INSTALL_NAME_BASE = "@rpath";
				GENERATE_INFOPLIST_FILE = YES;
				INFOPLIST_KEY_NSHumanReadableCopyright = "";
				INSTALL_PATH = "$(LOCAL_LIBRARY_DIR)/Frameworks";
				LD_RUNPATH_SEARCH_PATHS = (
					"$(inherited)",
					"@executable_path/Frameworks",
					"@loader_path/Frameworks",
				);
				MARKETING_VERSION = 1.0;
				PRODUCT_BUNDLE_IDENTIFIER = com.muzle.CoreDataPlatform;
				PRODUCT_NAME = "$(TARGET_NAME:c99extidentifier)";
				SKIP_INSTALL = YES;
				SWIFT_EMIT_LOC_STRINGS = YES;
				SWIFT_OPTIMIZATION_LEVEL = "-Onone";
				SWIFT_VERSION = 5.0;
				TARGETED_DEVICE_FAMILY = "1,2";
			};
			name = Debug;
		};
		2F6600BD2793072A00C44A2D /* Release */ = {
			isa = XCBuildConfiguration;
			baseConfigurationReference = 6C049D218CF98B191EB53D29 /* Pods-CoreDataPlatform.release.xcconfig */;
			buildSettings = {
				CLANG_ENABLE_MODULES = YES;
				CODE_SIGN_STYLE = Automatic;
				CURRENT_PROJECT_VERSION = 1;
				DEFINES_MODULE = YES;
				DEVELOPMENT_TEAM = GHXPN8A4H7;
				DYLIB_COMPATIBILITY_VERSION = 1;
				DYLIB_CURRENT_VERSION = 1;
				DYLIB_INSTALL_NAME_BASE = "@rpath";
				GENERATE_INFOPLIST_FILE = YES;
				INFOPLIST_KEY_NSHumanReadableCopyright = "";
				INSTALL_PATH = "$(LOCAL_LIBRARY_DIR)/Frameworks";
				LD_RUNPATH_SEARCH_PATHS = (
					"$(inherited)",
					"@executable_path/Frameworks",
					"@loader_path/Frameworks",
				);
				MARKETING_VERSION = 1.0;
				PRODUCT_BUNDLE_IDENTIFIER = com.muzle.CoreDataPlatform;
				PRODUCT_NAME = "$(TARGET_NAME:c99extidentifier)";
				SKIP_INSTALL = YES;
				SWIFT_EMIT_LOC_STRINGS = YES;
				SWIFT_VERSION = 5.0;
				TARGETED_DEVICE_FAMILY = "1,2";
			};
			name = Release;
		};
		2F6600BF2793072A00C44A2D /* Debug */ = {
			isa = XCBuildConfiguration;
			baseConfigurationReference = 4AC4889CC1734EE03D63D7B7 /* Pods-CoreDataPlatform-CoreDataPlatformTests.debug.xcconfig */;
			buildSettings = {
				ALWAYS_EMBED_SWIFT_STANDARD_LIBRARIES = YES;
				CODE_SIGN_STYLE = Automatic;
				CURRENT_PROJECT_VERSION = 1;
				DEVELOPMENT_TEAM = GHXPN8A4H7;
				GENERATE_INFOPLIST_FILE = YES;
				MARKETING_VERSION = 1.0;
				PRODUCT_BUNDLE_IDENTIFIER = com.muzle.CoreDataPlatformTests;
				PRODUCT_NAME = "$(TARGET_NAME)";
				SWIFT_EMIT_LOC_STRINGS = NO;
				SWIFT_VERSION = 5.0;
				TARGETED_DEVICE_FAMILY = "1,2";
			};
			name = Debug;
		};
		2F6600C02793072A00C44A2D /* Release */ = {
			isa = XCBuildConfiguration;
			baseConfigurationReference = 2765E5AEC570D0BD182BB8F1 /* Pods-CoreDataPlatform-CoreDataPlatformTests.release.xcconfig */;
			buildSettings = {
				ALWAYS_EMBED_SWIFT_STANDARD_LIBRARIES = YES;
				CODE_SIGN_STYLE = Automatic;
				CURRENT_PROJECT_VERSION = 1;
				DEVELOPMENT_TEAM = GHXPN8A4H7;
				GENERATE_INFOPLIST_FILE = YES;
				MARKETING_VERSION = 1.0;
				PRODUCT_BUNDLE_IDENTIFIER = com.muzle.CoreDataPlatformTests;
				PRODUCT_NAME = "$(TARGET_NAME)";
				SWIFT_EMIT_LOC_STRINGS = NO;
				SWIFT_VERSION = 5.0;
				TARGETED_DEVICE_FAMILY = "1,2";
			};
			name = Release;
		};
/* End XCBuildConfiguration section */

/* Begin XCConfigurationList section */
		2F6600A32793072A00C44A2D /* Build configuration list for PBXProject "CoreDataPlatform" */ = {
			isa = XCConfigurationList;
			buildConfigurations = (
				2F6600B92793072A00C44A2D /* Debug */,
				2F6600BA2793072A00C44A2D /* Release */,
			);
			defaultConfigurationIsVisible = 0;
			defaultConfigurationName = Release;
		};
		2F6600BB2793072A00C44A2D /* Build configuration list for PBXNativeTarget "CoreDataPlatform" */ = {
			isa = XCConfigurationList;
			buildConfigurations = (
				2F6600BC2793072A00C44A2D /* Debug */,
				2F6600BD2793072A00C44A2D /* Release */,
			);
			defaultConfigurationIsVisible = 0;
			defaultConfigurationName = Release;
		};
		2F6600BE2793072A00C44A2D /* Build configuration list for PBXNativeTarget "CoreDataPlatformTests" */ = {
			isa = XCConfigurationList;
			buildConfigurations = (
				2F6600BF2793072A00C44A2D /* Debug */,
				2F6600C02793072A00C44A2D /* Release */,
			);
			defaultConfigurationIsVisible = 0;
			defaultConfigurationName = Release;
		};
/* End XCConfigurationList section */

/* Begin XCVersionGroup section */
		2F6600C82793120200C44A2D /* Model.xcdatamodeld */ = {
			isa = XCVersionGroup;
			children = (
				2F6600C92793120200C44A2D /* Model.xcdatamodel */,
			);
			currentVersion = 2F6600C92793120200C44A2D /* Model.xcdatamodel */;
			path = Model.xcdatamodeld;
			sourceTree = "<group>";
			versionGroupType = wrapper.xcdatamodel;
		};
/* End XCVersionGroup section */
	};
	rootObject = 2F6600A02793072A00C44A2D /* Project object */;
}
