// !$*UTF8*$!
{
	archiveVersion = 1;
	classes = {
	};
	objectVersion = 55;
	objects = {

/* Begin PBXBuildFile section */
		2F0A3E6F278F2C2100C881BF /* PostsRepository.swift in Sources */ = {isa = PBXBuildFile; fileRef = 2F0A3E6E278F2C2100C881BF /* PostsRepository.swift */; };
		2F0A3E7B278F32AF00C881BF /* Cancelable.swift in Sources */ = {isa = PBXBuildFile; fileRef = 2F0A3E7A278F32AF00C881BF /* Cancelable.swift */; };
		2F0A3E7E278F32FF00C881BF /* Applicable.swift in Sources */ = {isa = PBXBuildFile; fileRef = 2F0A3E7D278F32FF00C881BF /* Applicable.swift */; };
		2F0A3E80278F333100C881BF /* Runnable.swift in Sources */ = {isa = PBXBuildFile; fileRef = 2F0A3E7F278F333100C881BF /* Runnable.swift */; };
		2F0A3E97278F52DE00C881BF /* Markers.swift in Sources */ = {isa = PBXBuildFile; fileRef = 2F0A3E96278F52DE00C881BF /* Markers.swift */; };
		2F0A3E9A278F537800C881BF /* AutoInit.generated.swift in Sources */ = {isa = PBXBuildFile; fileRef = 2F0A3E99278F537800C881BF /* AutoInit.generated.swift */; };
		2F0A3E9C278F598700C881BF /* PostsContainer.swift in Sources */ = {isa = PBXBuildFile; fileRef = 2F0A3E9B278F598700C881BF /* PostsContainer.swift */; };
		2F1AD0932794E8B600983800 /* PostsResourceInfo.swift in Sources */ = {isa = PBXBuildFile; fileRef = 2F1AD0922794E8B600983800 /* PostsResourceInfo.swift */; };
		2F4BAE9E278C697200E9CFD6 /* Domain.docc in Sources */ = {isa = PBXBuildFile; fileRef = 2F4BAE9D278C697200E9CFD6 /* Domain.docc */; };
		2F4BAEA4278C697200E9CFD6 /* Domain.framework in Frameworks */ = {isa = PBXBuildFile; fileRef = 2F4BAE99278C697200E9CFD6 /* Domain.framework */; };
		2F4BAEA9278C697200E9CFD6 /* DomainTests.swift in Sources */ = {isa = PBXBuildFile; fileRef = 2F4BAEA8278C697200E9CFD6 /* DomainTests.swift */; };
		2F4BAEAA278C697200E9CFD6 /* Domain.h in Headers */ = {isa = PBXBuildFile; fileRef = 2F4BAE9C278C697200E9CFD6 /* Domain.h */; settings = {ATTRIBUTES = (Public, ); }; };
		2F4BAEB5278C6A2400E9CFD6 /* Author.swift in Sources */ = {isa = PBXBuildFile; fileRef = 2F4BAEB4278C6A2400E9CFD6 /* Author.swift */; };
		2F4BAEB7278C6A3400E9CFD6 /* Post.swift in Sources */ = {isa = PBXBuildFile; fileRef = 2F4BAEB6278C6A3400E9CFD6 /* Post.swift */; };
		2F4BAEB9278C6BEB00E9CFD6 /* Image.swift in Sources */ = {isa = PBXBuildFile; fileRef = 2F4BAEB8278C6BEB00E9CFD6 /* Image.swift */; };
		2F660123279350E300C44A2D /* PostsStoreRepository.swift in Sources */ = {isa = PBXBuildFile; fileRef = 2F660122279350E300C44A2D /* PostsStoreRepository.swift */; };
		2F6F587E2790E7640025552B /* ErrorTracker.swift in Sources */ = {isa = PBXBuildFile; fileRef = 2F6F587D2790E7640025552B /* ErrorTracker.swift */; };
		2F6F58802790E7C80025552B /* ActivityIndicator.swift in Sources */ = {isa = PBXBuildFile; fileRef = 2F6F587F2790E7C80025552B /* ActivityIndicator.swift */; };
		2F6F58A727913DDB0025552B /* ImageRepository.swift in Sources */ = {isa = PBXBuildFile; fileRef = 2F6F58A627913DDB0025552B /* ImageRepository.swift */; };
		2F6F58FF2791D9E80025552B /* FavoritePostsRepository.swift in Sources */ = {isa = PBXBuildFile; fileRef = 2F6F58FE2791D9E80025552B /* FavoritePostsRepository.swift */; };
		2F6F59012791D9F90025552B /* VisitedPostsRepository.swift in Sources */ = {isa = PBXBuildFile; fileRef = 2F6F59002791D9F90025552B /* VisitedPostsRepository.swift */; };
		2FAE29AE278FDB6300F059B4 /* PostsUseCase.swift in Sources */ = {isa = PBXBuildFile; fileRef = 2FAE29AD278FDB6300F059B4 /* PostsUseCase.swift */; };
		2FDE17BA27951E1A00A67537 /* QueryablePostsRepository.swift in Sources */ = {isa = PBXBuildFile; fileRef = 2FDE17B927951E1A00A67537 /* QueryablePostsRepository.swift */; };
		3653E58A447D8D9E01C02FB7 /* Pods_Domain.framework in Frameworks */ = {isa = PBXBuildFile; fileRef = AA0CB73FED9795D0D4798157 /* Pods_Domain.framework */; };
/* End PBXBuildFile section */

/* Begin PBXContainerItemProxy section */
		2F4BAEA5278C697200E9CFD6 /* PBXContainerItemProxy */ = {
			isa = PBXContainerItemProxy;
			containerPortal = 2F4BAE90278C697200E9CFD6 /* Project object */;
			proxyType = 1;
			remoteGlobalIDString = 2F4BAE98278C697200E9CFD6;
			remoteInfo = Domain;
		};
/* End PBXContainerItemProxy section */

/* Begin PBXFileReference section */
		12A1AE4FB44F4A87A4B62E2E /* Pods-Domain.release.xcconfig */ = {isa = PBXFileReference; includeInIndex = 1; lastKnownFileType = text.xcconfig; name = "Pods-Domain.release.xcconfig"; path = "Target Support Files/Pods-Domain/Pods-Domain.release.xcconfig"; sourceTree = "<group>"; };
		2F0A3E6E278F2C2100C881BF /* PostsRepository.swift */ = {isa = PBXFileReference; lastKnownFileType = sourcecode.swift; path = PostsRepository.swift; sourceTree = "<group>"; };
		2F0A3E7A278F32AF00C881BF /* Cancelable.swift */ = {isa = PBXFileReference; lastKnownFileType = sourcecode.swift; path = Cancelable.swift; sourceTree = "<group>"; };
		2F0A3E7D278F32FF00C881BF /* Applicable.swift */ = {isa = PBXFileReference; lastKnownFileType = sourcecode.swift; path = Applicable.swift; sourceTree = "<group>"; };
		2F0A3E7F278F333100C881BF /* Runnable.swift */ = {isa = PBXFileReference; lastKnownFileType = sourcecode.swift; path = Runnable.swift; sourceTree = "<group>"; };
		2F0A3E96278F52DE00C881BF /* Markers.swift */ = {isa = PBXFileReference; lastKnownFileType = sourcecode.swift; path = Markers.swift; sourceTree = "<group>"; };
		2F0A3E99278F537800C881BF /* AutoInit.generated.swift */ = {isa = PBXFileReference; fileEncoding = 4; lastKnownFileType = sourcecode.swift; path = AutoInit.generated.swift; sourceTree = "<group>"; };
		2F0A3E9B278F598700C881BF /* PostsContainer.swift */ = {isa = PBXFileReference; lastKnownFileType = sourcecode.swift; path = PostsContainer.swift; sourceTree = "<group>"; };
		2F1AD0922794E8B600983800 /* PostsResourceInfo.swift */ = {isa = PBXFileReference; lastKnownFileType = sourcecode.swift; path = PostsResourceInfo.swift; sourceTree = "<group>"; };
		2F4BAE99278C697200E9CFD6 /* Domain.framework */ = {isa = PBXFileReference; explicitFileType = wrapper.framework; includeInIndex = 0; path = Domain.framework; sourceTree = BUILT_PRODUCTS_DIR; };
		2F4BAE9C278C697200E9CFD6 /* Domain.h */ = {isa = PBXFileReference; lastKnownFileType = sourcecode.c.h; path = Domain.h; sourceTree = "<group>"; };
		2F4BAE9D278C697200E9CFD6 /* Domain.docc */ = {isa = PBXFileReference; lastKnownFileType = folder.documentationcatalog; path = Domain.docc; sourceTree = "<group>"; };
		2F4BAEA3278C697200E9CFD6 /* DomainTests.xctest */ = {isa = PBXFileReference; explicitFileType = wrapper.cfbundle; includeInIndex = 0; path = DomainTests.xctest; sourceTree = BUILT_PRODUCTS_DIR; };
		2F4BAEA8278C697200E9CFD6 /* DomainTests.swift */ = {isa = PBXFileReference; lastKnownFileType = sourcecode.swift; path = DomainTests.swift; sourceTree = "<group>"; };
		2F4BAEB4278C6A2400E9CFD6 /* Author.swift */ = {isa = PBXFileReference; lastKnownFileType = sourcecode.swift; path = Author.swift; sourceTree = "<group>"; };
		2F4BAEB6278C6A3400E9CFD6 /* Post.swift */ = {isa = PBXFileReference; lastKnownFileType = sourcecode.swift; path = Post.swift; sourceTree = "<group>"; };
		2F4BAEB8278C6BEB00E9CFD6 /* Image.swift */ = {isa = PBXFileReference; lastKnownFileType = sourcecode.swift; path = Image.swift; sourceTree = "<group>"; };
		2F660122279350E300C44A2D /* PostsStoreRepository.swift */ = {isa = PBXFileReference; lastKnownFileType = sourcecode.swift; path = PostsStoreRepository.swift; sourceTree = "<group>"; };
		2F6F587D2790E7640025552B /* ErrorTracker.swift */ = {isa = PBXFileReference; lastKnownFileType = sourcecode.swift; path = ErrorTracker.swift; sourceTree = "<group>"; };
		2F6F587F2790E7C80025552B /* ActivityIndicator.swift */ = {isa = PBXFileReference; lastKnownFileType = sourcecode.swift; path = ActivityIndicator.swift; sourceTree = "<group>"; };
		2F6F58A627913DDB0025552B /* ImageRepository.swift */ = {isa = PBXFileReference; lastKnownFileType = sourcecode.swift; path = ImageRepository.swift; sourceTree = "<group>"; };
		2F6F58FE2791D9E80025552B /* FavoritePostsRepository.swift */ = {isa = PBXFileReference; lastKnownFileType = sourcecode.swift; path = FavoritePostsRepository.swift; sourceTree = "<group>"; };
		2F6F59002791D9F90025552B /* VisitedPostsRepository.swift */ = {isa = PBXFileReference; lastKnownFileType = sourcecode.swift; path = VisitedPostsRepository.swift; sourceTree = "<group>"; };
		2FAE29AD278FDB6300F059B4 /* PostsUseCase.swift */ = {isa = PBXFileReference; lastKnownFileType = sourcecode.swift; path = PostsUseCase.swift; sourceTree = "<group>"; };
		2FDE17B927951E1A00A67537 /* QueryablePostsRepository.swift */ = {isa = PBXFileReference; lastKnownFileType = sourcecode.swift; path = QueryablePostsRepository.swift; sourceTree = "<group>"; };
		36B6CA4B00CCEE4EABA60D01 /* Pods-Domain.debug.xcconfig */ = {isa = PBXFileReference; includeInIndex = 1; lastKnownFileType = text.xcconfig; name = "Pods-Domain.debug.xcconfig"; path = "Target Support Files/Pods-Domain/Pods-Domain.debug.xcconfig"; sourceTree = "<group>"; };
		AA0CB73FED9795D0D4798157 /* Pods_Domain.framework */ = {isa = PBXFileReference; explicitFileType = wrapper.framework; includeInIndex = 0; path = Pods_Domain.framework; sourceTree = BUILT_PRODUCTS_DIR; };
/* End PBXFileReference section */

/* Begin PBXFrameworksBuildPhase section */
		2F4BAE96278C697200E9CFD6 /* Frameworks */ = {
			isa = PBXFrameworksBuildPhase;
			buildActionMask = 2147483647;
			files = (
				3653E58A447D8D9E01C02FB7 /* Pods_Domain.framework in Frameworks */,
			);
			runOnlyForDeploymentPostprocessing = 0;
		};
		2F4BAEA0278C697200E9CFD6 /* Frameworks */ = {
			isa = PBXFrameworksBuildPhase;
			buildActionMask = 2147483647;
			files = (
				2F4BAEA4278C697200E9CFD6 /* Domain.framework in Frameworks */,
			);
			runOnlyForDeploymentPostprocessing = 0;
		};
/* End PBXFrameworksBuildPhase section */

/* Begin PBXGroup section */
		2F0A3E6D278F295C00C881BF /* Repositories */ = {
			isa = PBXGroup;
			children = (
				2FDE17B927951E1A00A67537 /* QueryablePostsRepository.swift */,
				2F0A3E6E278F2C2100C881BF /* PostsRepository.swift */,
				2F6F58A627913DDB0025552B /* ImageRepository.swift */,
				2F6F58FE2791D9E80025552B /* FavoritePostsRepository.swift */,
				2F6F59002791D9F90025552B /* VisitedPostsRepository.swift */,
				2F660122279350E300C44A2D /* PostsStoreRepository.swift */,
			);
			path = Repositories;
			sourceTree = "<group>";
		};
		2F0A3E79278F329A00C881BF /* Tools */ = {
			isa = PBXGroup;
			children = (
				2F0A3E7C278F32E900C881BF /* Helpers */,
			);
			path = Tools;
			sourceTree = "<group>";
		};
		2F0A3E7C278F32E900C881BF /* Helpers */ = {
			isa = PBXGroup;
			children = (
				2F0A3E7A278F32AF00C881BF /* Cancelable.swift */,
				2F0A3E7D278F32FF00C881BF /* Applicable.swift */,
				2F0A3E7F278F333100C881BF /* Runnable.swift */,
				2F6F587D2790E7640025552B /* ErrorTracker.swift */,
				2F6F587F2790E7C80025552B /* ActivityIndicator.swift */,
			);
			path = Helpers;
			sourceTree = "<group>";
		};
		2F0A3E95278F52C800C881BF /* Autogenerated */ = {
			isa = PBXGroup;
			children = (
				2F0A3E99278F537800C881BF /* AutoInit.generated.swift */,
				2F0A3E96278F52DE00C881BF /* Markers.swift */,
			);
			path = Autogenerated;
			sourceTree = "<group>";
		};
		2F4BAE8F278C697200E9CFD6 = {
			isa = PBXGroup;
			children = (
				2F4BAE9B278C697200E9CFD6 /* Domain */,
				2F4BAEA7278C697200E9CFD6 /* DomainTests */,
				2F4BAE9A278C697200E9CFD6 /* Products */,
				8ECDF592C4024CA436991017 /* Pods */,
				95A3B88E7102E99177456FB8 /* Frameworks */,
			);
			sourceTree = "<group>";
		};
		2F4BAE9A278C697200E9CFD6 /* Products */ = {
			isa = PBXGroup;
			children = (
				2F4BAE99278C697200E9CFD6 /* Domain.framework */,
				2F4BAEA3278C697200E9CFD6 /* DomainTests.xctest */,
			);
			name = Products;
			sourceTree = "<group>";
		};
		2F4BAE9B278C697200E9CFD6 /* Domain */ = {
			isa = PBXGroup;
			children = (
				2F0A3E79278F329A00C881BF /* Tools */,
				2FAE29AC278FDB4700F059B4 /* UseCases */,
				2F0A3E6D278F295C00C881BF /* Repositories */,
				2F4BAEB3278C6A0E00E9CFD6 /* Entities */,
				2F0A3E95278F52C800C881BF /* Autogenerated */,
				2F4BAE9C278C697200E9CFD6 /* Domain.h */,
				2F4BAE9D278C697200E9CFD6 /* Domain.docc */,
			);
			path = Domain;
			sourceTree = "<group>";
		};
		2F4BAEA7278C697200E9CFD6 /* DomainTests */ = {
			isa = PBXGroup;
			children = (
				2F4BAEA8278C697200E9CFD6 /* DomainTests.swift */,
			);
			path = DomainTests;
			sourceTree = "<group>";
		};
		2F4BAEB3278C6A0E00E9CFD6 /* Entities */ = {
			isa = PBXGroup;
			children = (
				2F0A3E9B278F598700C881BF /* PostsContainer.swift */,
				2F4BAEB6278C6A3400E9CFD6 /* Post.swift */,
				2F4BAEB8278C6BEB00E9CFD6 /* Image.swift */,
				2F4BAEB4278C6A2400E9CFD6 /* Author.swift */,
				2F1AD0922794E8B600983800 /* PostsResourceInfo.swift */,
			);
			path = Entities;
			sourceTree = "<group>";
		};
		2FAE29AC278FDB4700F059B4 /* UseCases */ = {
			isa = PBXGroup;
			children = (
				2FAE29AD278FDB6300F059B4 /* PostsUseCase.swift */,
			);
			path = UseCases;
			sourceTree = "<group>";
		};
		8ECDF592C4024CA436991017 /* Pods */ = {
			isa = PBXGroup;
			children = (
				36B6CA4B00CCEE4EABA60D01 /* Pods-Domain.debug.xcconfig */,
				12A1AE4FB44F4A87A4B62E2E /* Pods-Domain.release.xcconfig */,
			);
			name = Pods;
			path = ../Pods;
			sourceTree = "<group>";
		};
		95A3B88E7102E99177456FB8 /* Frameworks */ = {
			isa = PBXGroup;
			children = (
				AA0CB73FED9795D0D4798157 /* Pods_Domain.framework */,
			);
			name = Frameworks;
			sourceTree = "<group>";
		};
/* End PBXGroup section */

/* Begin PBXHeadersBuildPhase section */
		2F4BAE94278C697200E9CFD6 /* Headers */ = {
			isa = PBXHeadersBuildPhase;
			buildActionMask = 2147483647;
			files = (
				2F4BAEAA278C697200E9CFD6 /* Domain.h in Headers */,
			);
			runOnlyForDeploymentPostprocessing = 0;
		};
/* End PBXHeadersBuildPhase section */

/* Begin PBXNativeTarget section */
		2F4BAE98278C697200E9CFD6 /* Domain */ = {
			isa = PBXNativeTarget;
			buildConfigurationList = 2F4BAEAD278C697300E9CFD6 /* Build configuration list for PBXNativeTarget "Domain" */;
			buildPhases = (
				CD8011A5FDD29461ECA5BB5F /* [CP] Check Pods Manifest.lock */,
				2F4BAE94278C697200E9CFD6 /* Headers */,
				2F4BAE95278C697200E9CFD6 /* Sources */,
				2F4BAE96278C697200E9CFD6 /* Frameworks */,
				2F4BAE97278C697200E9CFD6 /* Resources */,
			);
			buildRules = (
			);
			dependencies = (
			);
			name = Domain;
			productName = Domain;
			productReference = 2F4BAE99278C697200E9CFD6 /* Domain.framework */;
			productType = "com.apple.product-type.framework";
		};
		2F4BAEA2278C697200E9CFD6 /* DomainTests */ = {
			isa = PBXNativeTarget;
			buildConfigurationList = 2F4BAEB0278C697300E9CFD6 /* Build configuration list for PBXNativeTarget "DomainTests" */;
			buildPhases = (
				2F4BAE9F278C697200E9CFD6 /* Sources */,
				2F4BAEA0278C697200E9CFD6 /* Frameworks */,
				2F4BAEA1278C697200E9CFD6 /* Resources */,
			);
			buildRules = (
			);
			dependencies = (
				2F4BAEA6278C697200E9CFD6 /* PBXTargetDependency */,
			);
			name = DomainTests;
			productName = DomainTests;
			productReference = 2F4BAEA3278C697200E9CFD6 /* DomainTests.xctest */;
			productType = "com.apple.product-type.bundle.unit-test";
		};
/* End PBXNativeTarget section */

/* Begin PBXProject section */
		2F4BAE90278C697200E9CFD6 /* Project object */ = {
			isa = PBXProject;
			attributes = {
				BuildIndependentTargetsInParallel = 1;
				LastSwiftUpdateCheck = 1320;
				LastUpgradeCheck = 1320;
				TargetAttributes = {
					2F4BAE98278C697200E9CFD6 = {
						CreatedOnToolsVersion = 13.2.1;
					};
					2F4BAEA2278C697200E9CFD6 = {
						CreatedOnToolsVersion = 13.2.1;
					};
				};
			};
			buildConfigurationList = 2F4BAE93278C697200E9CFD6 /* Build configuration list for PBXProject "Domain" */;
			compatibilityVersion = "Xcode 13.0";
			developmentRegion = en;
			hasScannedForEncodings = 0;
			knownRegions = (
				en,
				Base,
			);
			mainGroup = 2F4BAE8F278C697200E9CFD6;
			productRefGroup = 2F4BAE9A278C697200E9CFD6 /* Products */;
			projectDirPath = "";
			projectRoot = "";
			targets = (
				2F4BAE98278C697200E9CFD6 /* Domain */,
				2F4BAEA2278C697200E9CFD6 /* DomainTests */,
			);
		};
/* End PBXProject section */

/* Begin PBXResourcesBuildPhase section */
		2F4BAE97278C697200E9CFD6 /* Resources */ = {
			isa = PBXResourcesBuildPhase;
			buildActionMask = 2147483647;
			files = (
			);
			runOnlyForDeploymentPostprocessing = 0;
		};
		2F4BAEA1278C697200E9CFD6 /* Resources */ = {
			isa = PBXResourcesBuildPhase;
			buildActionMask = 2147483647;
			files = (
			);
			runOnlyForDeploymentPostprocessing = 0;
		};
/* End PBXResourcesBuildPhase section */

/* Begin PBXShellScriptBuildPhase section */
		CD8011A5FDD29461ECA5BB5F /* [CP] Check Pods Manifest.lock */ = {
			isa = PBXShellScriptBuildPhase;
			buildActionMask = 2147483647;
			files = (
			);
			inputFileListPaths = (
			);
			inputPaths = (
				"${PODS_PODFILE_DIR_PATH}/Podfile.lock",
				"${PODS_ROOT}/Manifest.lock",
			);
			name = "[CP] Check Pods Manifest.lock";
			outputFileListPaths = (
			);
			outputPaths = (
				"$(DERIVED_FILE_DIR)/Pods-Domain-checkManifestLockResult.txt",
			);
			runOnlyForDeploymentPostprocessing = 0;
			shellPath = /bin/sh;
			shellScript = "diff \"${PODS_PODFILE_DIR_PATH}/Podfile.lock\" \"${PODS_ROOT}/Manifest.lock\" > /dev/null\nif [ $? != 0 ] ; then\n    # print error to STDERR\n    echo \"error: The sandbox is not in sync with the Podfile.lock. Run 'pod install' or update your CocoaPods installation.\" >&2\n    exit 1\nfi\n# This output is used by Xcode 'outputs' to avoid re-running this script phase.\necho \"SUCCESS\" > \"${SCRIPT_OUTPUT_FILE_0}\"\n";
			showEnvVarsInLog = 0;
		};
/* End PBXShellScriptBuildPhase section */

/* Begin PBXSourcesBuildPhase section */
		2F4BAE95278C697200E9CFD6 /* Sources */ = {
			isa = PBXSourcesBuildPhase;
			buildActionMask = 2147483647;
			files = (
				2F0A3E80278F333100C881BF /* Runnable.swift in Sources */,
				2F6F58FF2791D9E80025552B /* FavoritePostsRepository.swift in Sources */,
				2F6F59012791D9F90025552B /* VisitedPostsRepository.swift in Sources */,
				2F0A3E6F278F2C2100C881BF /* PostsRepository.swift in Sources */,
				2F0A3E7B278F32AF00C881BF /* Cancelable.swift in Sources */,
				2FAE29AE278FDB6300F059B4 /* PostsUseCase.swift in Sources */,
				2F6F58802790E7C80025552B /* ActivityIndicator.swift in Sources */,
				2F4BAEB7278C6A3400E9CFD6 /* Post.swift in Sources */,
				2F6F587E2790E7640025552B /* ErrorTracker.swift in Sources */,
				2F6F58A727913DDB0025552B /* ImageRepository.swift in Sources */,
				2F4BAEB5278C6A2400E9CFD6 /* Author.swift in Sources */,
				2F660123279350E300C44A2D /* PostsStoreRepository.swift in Sources */,
				2F0A3E9A278F537800C881BF /* AutoInit.generated.swift in Sources */,
				2F0A3E7E278F32FF00C881BF /* Applicable.swift in Sources */,
				2F4BAE9E278C697200E9CFD6 /* Domain.docc in Sources */,
				2F1AD0932794E8B600983800 /* PostsResourceInfo.swift in Sources */,
				2FDE17BA27951E1A00A67537 /* QueryablePostsRepository.swift in Sources */,
				2F4BAEB9278C6BEB00E9CFD6 /* Image.swift in Sources */,
				2F0A3E97278F52DE00C881BF /* Markers.swift in Sources */,
				2F0A3E9C278F598700C881BF /* PostsContainer.swift in Sources */,
			);
			runOnlyForDeploymentPostprocessing = 0;
		};
		2F4BAE9F278C697200E9CFD6 /* Sources */ = {
			isa = PBXSourcesBuildPhase;
			buildActionMask = 2147483647;
			files = (
				2F4BAEA9278C697200E9CFD6 /* DomainTests.swift in Sources */,
			);
			runOnlyForDeploymentPostprocessing = 0;
		};
/* End PBXSourcesBuildPhase section */

/* Begin PBXTargetDependency section */
		2F4BAEA6278C697200E9CFD6 /* PBXTargetDependency */ = {
			isa = PBXTargetDependency;
			target = 2F4BAE98278C697200E9CFD6 /* Domain */;
			targetProxy = 2F4BAEA5278C697200E9CFD6 /* PBXContainerItemProxy */;
		};
/* End PBXTargetDependency section */

/* Begin XCBuildConfiguration section */
		2F4BAEAB278C697300E9CFD6 /* Debug */ = {
			isa = XCBuildConfiguration;
			buildSettings = {
				ALWAYS_SEARCH_USER_PATHS = NO;
				CLANG_ANALYZER_NONNULL = YES;
				CLANG_ANALYZER_NUMBER_OBJECT_CONVERSION = YES_AGGRESSIVE;
				CLANG_CXX_LANGUAGE_STANDARD = "gnu++17";
				CLANG_CXX_LIBRARY = "libc++";
				CLANG_ENABLE_MODULES = YES;
				CLANG_ENABLE_OBJC_ARC = YES;
				CLANG_ENABLE_OBJC_WEAK = YES;
				CLANG_WARN_BLOCK_CAPTURE_AUTORELEASING = YES;
				CLANG_WARN_BOOL_CONVERSION = YES;
				CLANG_WARN_COMMA = YES;
				CLANG_WARN_CONSTANT_CONVERSION = YES;
				CLANG_WARN_DEPRECATED_OBJC_IMPLEMENTATIONS = YES;
				CLANG_WARN_DIRECT_OBJC_ISA_USAGE = YES_ERROR;
				CLANG_WARN_DOCUMENTATION_COMMENTS = YES;
				CLANG_WARN_EMPTY_BODY = YES;
				CLANG_WARN_ENUM_CONVERSION = YES;
				CLANG_WARN_INFINITE_RECURSION = YES;
				CLANG_WARN_INT_CONVERSION = YES;
				CLANG_WARN_NON_LITERAL_NULL_CONVERSION = YES;
				CLANG_WARN_OBJC_IMPLICIT_RETAIN_SELF = YES;
				CLANG_WARN_OBJC_LITERAL_CONVERSION = YES;
				CLANG_WARN_OBJC_ROOT_CLASS = YES_ERROR;
				CLANG_WARN_QUOTED_INCLUDE_IN_FRAMEWORK_HEADER = YES;
				CLANG_WARN_RANGE_LOOP_ANALYSIS = YES;
				CLANG_WARN_STRICT_PROTOTYPES = YES;
				CLANG_WARN_SUSPICIOUS_MOVE = YES;
				CLANG_WARN_UNGUARDED_AVAILABILITY = YES_AGGRESSIVE;
				CLANG_WARN_UNREACHABLE_CODE = YES;
				CLANG_WARN__DUPLICATE_METHOD_MATCH = YES;
				COPY_PHASE_STRIP = NO;
				CURRENT_PROJECT_VERSION = 1;
				DEBUG_INFORMATION_FORMAT = dwarf;
				ENABLE_STRICT_OBJC_MSGSEND = YES;
				ENABLE_TESTABILITY = YES;
				GCC_C_LANGUAGE_STANDARD = gnu11;
				GCC_DYNAMIC_NO_PIC = NO;
				GCC_NO_COMMON_BLOCKS = YES;
				GCC_OPTIMIZATION_LEVEL = 0;
				GCC_PREPROCESSOR_DEFINITIONS = (
					"DEBUG=1",
					"$(inherited)",
				);
				GCC_WARN_64_TO_32_BIT_CONVERSION = YES;
				GCC_WARN_ABOUT_RETURN_TYPE = YES_ERROR;
				GCC_WARN_UNDECLARED_SELECTOR = YES;
				GCC_WARN_UNINITIALIZED_AUTOS = YES_AGGRESSIVE;
				GCC_WARN_UNUSED_FUNCTION = YES;
				GCC_WARN_UNUSED_VARIABLE = YES;
				IPHONEOS_DEPLOYMENT_TARGET = 13.0;
				MTL_ENABLE_DEBUG_INFO = INCLUDE_SOURCE;
				MTL_FAST_MATH = YES;
				ONLY_ACTIVE_ARCH = YES;
				SDKROOT = iphoneos;
				SWIFT_ACTIVE_COMPILATION_CONDITIONS = DEBUG;
				SWIFT_OPTIMIZATION_LEVEL = "-Onone";
				VERSIONING_SYSTEM = "apple-generic";
				VERSION_INFO_PREFIX = "";
			};
			name = Debug;
		};
		2F4BAEAC278C697300E9CFD6 /* Release */ = {
			isa = XCBuildConfiguration;
			buildSettings = {
				ALWAYS_SEARCH_USER_PATHS = NO;
				CLANG_ANALYZER_NONNULL = YES;
				CLANG_ANALYZER_NUMBER_OBJECT_CONVERSION = YES_AGGRESSIVE;
				CLANG_CXX_LANGUAGE_STANDARD = "gnu++17";
				CLANG_CXX_LIBRARY = "libc++";
				CLANG_ENABLE_MODULES = YES;
				CLANG_ENABLE_OBJC_ARC = YES;
				CLANG_ENABLE_OBJC_WEAK = YES;
				CLANG_WARN_BLOCK_CAPTURE_AUTORELEASING = YES;
				CLANG_WARN_BOOL_CONVERSION = YES;
				CLANG_WARN_COMMA = YES;
				CLANG_WARN_CONSTANT_CONVERSION = YES;
				CLANG_WARN_DEPRECATED_OBJC_IMPLEMENTATIONS = YES;
				CLANG_WARN_DIRECT_OBJC_ISA_USAGE = YES_ERROR;
				CLANG_WARN_DOCUMENTATION_COMMENTS = YES;
				CLANG_WARN_EMPTY_BODY = YES;
				CLANG_WARN_ENUM_CONVERSION = YES;
				CLANG_WARN_INFINITE_RECURSION = YES;
				CLANG_WARN_INT_CONVERSION = YES;
				CLANG_WARN_NON_LITERAL_NULL_CONVERSION = YES;
				CLANG_WARN_OBJC_IMPLICIT_RETAIN_SELF = YES;
				CLANG_WARN_OBJC_LITERAL_CONVERSION = YES;
				CLANG_WARN_OBJC_ROOT_CLASS = YES_ERROR;
				CLANG_WARN_QUOTED_INCLUDE_IN_FRAMEWORK_HEADER = YES;
				CLANG_WARN_RANGE_LOOP_ANALYSIS = YES;
				CLANG_WARN_STRICT_PROTOTYPES = YES;
				CLANG_WARN_SUSPICIOUS_MOVE = YES;
				CLANG_WARN_UNGUARDED_AVAILABILITY = YES_AGGRESSIVE;
				CLANG_WARN_UNREACHABLE_CODE = YES;
				CLANG_WARN__DUPLICATE_METHOD_MATCH = YES;
				COPY_PHASE_STRIP = NO;
				CURRENT_PROJECT_VERSION = 1;
				DEBUG_INFORMATION_FORMAT = "dwarf-with-dsym";
				ENABLE_NS_ASSERTIONS = NO;
				ENABLE_STRICT_OBJC_MSGSEND = YES;
				GCC_C_LANGUAGE_STANDARD = gnu11;
				GCC_NO_COMMON_BLOCKS = YES;
				GCC_WARN_64_TO_32_BIT_CONVERSION = YES;
				GCC_WARN_ABOUT_RETURN_TYPE = YES_ERROR;
				GCC_WARN_UNDECLARED_SELECTOR = YES;
				GCC_WARN_UNINITIALIZED_AUTOS = YES_AGGRESSIVE;
				GCC_WARN_UNUSED_FUNCTION = YES;
				GCC_WARN_UNUSED_VARIABLE = YES;
				IPHONEOS_DEPLOYMENT_TARGET = 13.0;
				MTL_ENABLE_DEBUG_INFO = NO;
				MTL_FAST_MATH = YES;
				SDKROOT = iphoneos;
				SWIFT_COMPILATION_MODE = wholemodule;
				SWIFT_OPTIMIZATION_LEVEL = "-O";
				VALIDATE_PRODUCT = YES;
				VERSIONING_SYSTEM = "apple-generic";
				VERSION_INFO_PREFIX = "";
			};
			name = Release;
		};
		2F4BAEAE278C697300E9CFD6 /* Debug */ = {
			isa = XCBuildConfiguration;
			baseConfigurationReference = 36B6CA4B00CCEE4EABA60D01 /* Pods-Domain.debug.xcconfig */;
			buildSettings = {
				CODE_SIGN_STYLE = Automatic;
				CURRENT_PROJECT_VERSION = 1;
				DEFINES_MODULE = YES;
				DEVELOPMENT_TEAM = GHXPN8A4H7;
				DYLIB_COMPATIBILITY_VERSION = 1;
				DYLIB_CURRENT_VERSION = 1;
				DYLIB_INSTALL_NAME_BASE = "@rpath";
				GENERATE_INFOPLIST_FILE = YES;
				INFOPLIST_KEY_NSHumanReadableCopyright = "";
				INSTALL_PATH = "$(LOCAL_LIBRARY_DIR)/Frameworks";
				LD_RUNPATH_SEARCH_PATHS = (
					"$(inherited)",
					"@executable_path/Frameworks",
					"@loader_path/Frameworks",
				);
				MARKETING_VERSION = 1.0;
				PRODUCT_BUNDLE_IDENTIFIER = com.muzle.Domain;
				PRODUCT_NAME = "$(TARGET_NAME:c99extidentifier)";
				SKIP_INSTALL = YES;
				SWIFT_EMIT_LOC_STRINGS = YES;
				SWIFT_VERSION = 5.0;
				TARGETED_DEVICE_FAMILY = "1,2";
			};
			name = Debug;
		};
		2F4BAEAF278C697300E9CFD6 /* Release */ = {
			isa = XCBuildConfiguration;
			baseConfigurationReference = 12A1AE4FB44F4A87A4B62E2E /* Pods-Domain.release.xcconfig */;
			buildSettings = {
				CODE_SIGN_STYLE = Automatic;
				CURRENT_PROJECT_VERSION = 1;
				DEFINES_MODULE = YES;
				DEVELOPMENT_TEAM = GHXPN8A4H7;
				DYLIB_COMPATIBILITY_VERSION = 1;
				DYLIB_CURRENT_VERSION = 1;
				DYLIB_INSTALL_NAME_BASE = "@rpath";
				GENERATE_INFOPLIST_FILE = YES;
				INFOPLIST_KEY_NSHumanReadableCopyright = "";
				INSTALL_PATH = "$(LOCAL_LIBRARY_DIR)/Frameworks";
				LD_RUNPATH_SEARCH_PATHS = (
					"$(inherited)",
					"@executable_path/Frameworks",
					"@loader_path/Frameworks",
				);
				MARKETING_VERSION = 1.0;
				PRODUCT_BUNDLE_IDENTIFIER = com.muzle.Domain;
				PRODUCT_NAME = "$(TARGET_NAME:c99extidentifier)";
				SKIP_INSTALL = YES;
				SWIFT_EMIT_LOC_STRINGS = YES;
				SWIFT_VERSION = 5.0;
				TARGETED_DEVICE_FAMILY = "1,2";
			};
			name = Release;
		};
		2F4BAEB1278C697300E9CFD6 /* Debug */ = {
			isa = XCBuildConfiguration;
			buildSettings = {
				ALWAYS_EMBED_SWIFT_STANDARD_LIBRARIES = YES;
				CODE_SIGN_STYLE = Automatic;
				CURRENT_PROJECT_VERSION = 1;
				DEVELOPMENT_TEAM = GHXPN8A4H7;
				GENERATE_INFOPLIST_FILE = YES;
				MARKETING_VERSION = 1.0;
				PRODUCT_BUNDLE_IDENTIFIER = com.muzle.DomainTests;
				PRODUCT_NAME = "$(TARGET_NAME)";
				SWIFT_EMIT_LOC_STRINGS = NO;
				SWIFT_VERSION = 5.0;
				TARGETED_DEVICE_FAMILY = "1,2";
			};
			name = Debug;
		};
		2F4BAEB2278C697300E9CFD6 /* Release */ = {
			isa = XCBuildConfiguration;
			buildSettings = {
				ALWAYS_EMBED_SWIFT_STANDARD_LIBRARIES = YES;
				CODE_SIGN_STYLE = Automatic;
				CURRENT_PROJECT_VERSION = 1;
				DEVELOPMENT_TEAM = GHXPN8A4H7;
				GENERATE_INFOPLIST_FILE = YES;
				MARKETING_VERSION = 1.0;
				PRODUCT_BUNDLE_IDENTIFIER = com.muzle.DomainTests;
				PRODUCT_NAME = "$(TARGET_NAME)";
				SWIFT_EMIT_LOC_STRINGS = NO;
				SWIFT_VERSION = 5.0;
				TARGETED_DEVICE_FAMILY = "1,2";
			};
			name = Release;
		};
/* End XCBuildConfiguration section */

/* Begin XCConfigurationList section */
		2F4BAE93278C697200E9CFD6 /* Build configuration list for PBXProject "Domain" */ = {
			isa = XCConfigurationList;
			buildConfigurations = (
				2F4BAEAB278C697300E9CFD6 /* Debug */,
				2F4BAEAC278C697300E9CFD6 /* Release */,
			);
			defaultConfigurationIsVisible = 0;
			defaultConfigurationName = Release;
		};
		2F4BAEAD278C697300E9CFD6 /* Build configuration list for PBXNativeTarget "Domain" */ = {
			isa = XCConfigurationList;
			buildConfigurations = (
				2F4BAEAE278C697300E9CFD6 /* Debug */,
				2F4BAEAF278C697300E9CFD6 /* Release */,
			);
			defaultConfigurationIsVisible = 0;
			defaultConfigurationName = Release;
		};
		2F4BAEB0278C697300E9CFD6 /* Build configuration list for PBXNativeTarget "DomainTests" */ = {
			isa = XCConfigurationList;
			buildConfigurations = (
				2F4BAEB1278C697300E9CFD6 /* Debug */,
				2F4BAEB2278C697300E9CFD6 /* Release */,
			);
			defaultConfigurationIsVisible = 0;
			defaultConfigurationName = Release;
		};
/* End XCConfigurationList section */
	};
	rootObject = 2F4BAE90278C697200E9CFD6 /* Project object */;
}
