// !$*UTF8*$!
{
	archiveVersion = 1;
	classes = {
	};
	objectVersion = 55;
	objects = {

/* Begin PBXBuildFile section */
		2F6F58C527914EC80025552B /* RealmPlatform.framework in Frameworks */ = {isa = PBXBuildFile; fileRef = 2F6F58BC27914EC80025552B /* RealmPlatform.framework */; };
		2F6F58CB27914EC80025552B /* RealmPlatform.h in Headers */ = {isa = PBXBuildFile; fileRef = 2F6F58BF27914EC80025552B /* RealmPlatform.h */; settings = {ATTRIBUTES = (Public, ); }; };
		2F6F58D927914F420025552B /* Domain.framework in Frameworks */ = {isa = PBXBuildFile; fileRef = 2F6F58D827914F420025552B /* Domain.framework */; };
		2F6F58E3279180100025552B /* Post.swift in Sources */ = {isa = PBXBuildFile; fileRef = 2F6F58E2279180100025552B /* Post.swift */; };
		2F6F58E6279183A30025552B /* RMPost.swift in Sources */ = {isa = PBXBuildFile; fileRef = 2F6F58E5279183A30025552B /* RMPost.swift */; };
		2F6F58EA279192C00025552B /* CommonRepresentable.swift in Sources */ = {isa = PBXBuildFile; fileRef = 2F6F58E9279192C00025552B /* CommonRepresentable.swift */; };
		2F6F58EC279192EE0025552B /* RealmRepresentable.swift in Sources */ = {isa = PBXBuildFile; fileRef = 2F6F58EB279192EE0025552B /* RealmRepresentable.swift */; };
		2F6F58EF279193A70025552B /* DAO.swift in Sources */ = {isa = PBXBuildFile; fileRef = 2F6F58EE279193A70025552B /* DAO.swift */; };
		2F6F58F1279194C40025552B /* DAOImpl.swift in Sources */ = {isa = PBXBuildFile; fileRef = 2F6F58F0279194C40025552B /* DAOImpl.swift */; };
		2F6F58F52791A3D30025552B /* Observable+extension.swift in Sources */ = {isa = PBXBuildFile; fileRef = 2F6F58F42791A3D30025552B /* Observable+extension.swift */; };
		2F6F58F82791A44B0025552B /* Sequence+extension.swift in Sources */ = {isa = PBXBuildFile; fileRef = 2F6F58F72791A44B0025552B /* Sequence+extension.swift */; };
		2F6F58FA2791B3330025552B /* DaoTests.swift in Sources */ = {isa = PBXBuildFile; fileRef = 2F6F58F92791B3330025552B /* DaoTests.swift */; };
		2F6F58FD2791B9080025552B /* RealmConfigurationFactory.swift in Sources */ = {isa = PBXBuildFile; fileRef = 2F6F58FC2791B9080025552B /* RealmConfigurationFactory.swift */; };
		8B0A051567CBC14E2F34E2A3 /* Pods_RealmPlatform.framework in Frameworks */ = {isa = PBXBuildFile; fileRef = 7CA99D80A44688066D444C30 /* Pods_RealmPlatform.framework */; };
		DDEBF4EB17D8D21BF7BCBF89 /* Pods_RealmPlatform_RealmPlatformTests.framework in Frameworks */ = {isa = PBXBuildFile; fileRef = 2B0C7E9A818A7E9BAD024240 /* Pods_RealmPlatform_RealmPlatformTests.framework */; };
/* End PBXBuildFile section */

/* Begin PBXContainerItemProxy section */
		2F6F58C627914EC80025552B /* PBXContainerItemProxy */ = {
			isa = PBXContainerItemProxy;
			containerPortal = 2F6F58B327914EC80025552B /* Project object */;
			proxyType = 1;
			remoteGlobalIDString = 2F6F58BB27914EC80025552B;
			remoteInfo = RealmPlatform;
		};
/* End PBXContainerItemProxy section */

/* Begin PBXFileReference section */
		08E76EBD01E1E0121E560529 /* Pods-RealmPlatform.debug.xcconfig */ = {isa = PBXFileReference; includeInIndex = 1; lastKnownFileType = text.xcconfig; name = "Pods-RealmPlatform.debug.xcconfig"; path = "Target Support Files/Pods-RealmPlatform/Pods-RealmPlatform.debug.xcconfig"; sourceTree = "<group>"; };
		2B0C7E9A818A7E9BAD024240 /* Pods_RealmPlatform_RealmPlatformTests.framework */ = {isa = PBXFileReference; explicitFileType = wrapper.framework; includeInIndex = 0; path = Pods_RealmPlatform_RealmPlatformTests.framework; sourceTree = BUILT_PRODUCTS_DIR; };
		2F6F58BC27914EC80025552B /* RealmPlatform.framework */ = {isa = PBXFileReference; explicitFileType = wrapper.framework; includeInIndex = 0; path = RealmPlatform.framework; sourceTree = BUILT_PRODUCTS_DIR; };
		2F6F58BF27914EC80025552B /* RealmPlatform.h */ = {isa = PBXFileReference; lastKnownFileType = sourcecode.c.h; path = RealmPlatform.h; sourceTree = "<group>"; };
		2F6F58C427914EC80025552B /* RealmPlatformTests.xctest */ = {isa = PBXFileReference; explicitFileType = wrapper.cfbundle; includeInIndex = 0; path = RealmPlatformTests.xctest; sourceTree = BUILT_PRODUCTS_DIR; };
		2F6F58D827914F420025552B /* Domain.framework */ = {isa = PBXFileReference; explicitFileType = wrapper.framework; path = Domain.framework; sourceTree = BUILT_PRODUCTS_DIR; };
		2F6F58E2279180100025552B /* Post.swift */ = {isa = PBXFileReference; lastKnownFileType = sourcecode.swift; path = Post.swift; sourceTree = "<group>"; };
		2F6F58E5279183A30025552B /* RMPost.swift */ = {isa = PBXFileReference; lastKnownFileType = sourcecode.swift; path = RMPost.swift; sourceTree = "<group>"; };
		2F6F58E9279192C00025552B /* CommonRepresentable.swift */ = {isa = PBXFileReference; lastKnownFileType = sourcecode.swift; path = CommonRepresentable.swift; sourceTree = "<group>"; };
		2F6F58EB279192EE0025552B /* RealmRepresentable.swift */ = {isa = PBXFileReference; lastKnownFileType = sourcecode.swift; path = RealmRepresentable.swift; sourceTree = "<group>"; };
		2F6F58EE279193A70025552B /* DAO.swift */ = {isa = PBXFileReference; lastKnownFileType = sourcecode.swift; path = DAO.swift; sourceTree = "<group>"; };
		2F6F58F0279194C40025552B /* DAOImpl.swift */ = {isa = PBXFileReference; lastKnownFileType = sourcecode.swift; path = DAOImpl.swift; sourceTree = "<group>"; };
		2F6F58F42791A3D30025552B /* Observable+extension.swift */ = {isa = PBXFileReference; lastKnownFileType = sourcecode.swift; path = "Observable+extension.swift"; sourceTree = "<group>"; };
		2F6F58F72791A44B0025552B /* Sequence+extension.swift */ = {isa = PBXFileReference; lastKnownFileType = sourcecode.swift; path = "Sequence+extension.swift"; sourceTree = "<group>"; };
		2F6F58F92791B3330025552B /* DaoTests.swift */ = {isa = PBXFileReference; lastKnownFileType = sourcecode.swift; path = DaoTests.swift; sourceTree = "<group>"; };
		2F6F58FC2791B9080025552B /* RealmConfigurationFactory.swift */ = {isa = PBXFileReference; lastKnownFileType = sourcecode.swift; path = RealmConfigurationFactory.swift; sourceTree = "<group>"; };
		4C1D10F8C4E1D434BA1AFC74 /* Pods-RealmPlatform-RealmPlatformTests.release.xcconfig */ = {isa = PBXFileReference; includeInIndex = 1; lastKnownFileType = text.xcconfig; name = "Pods-RealmPlatform-RealmPlatformTests.release.xcconfig"; path = "Target Support Files/Pods-RealmPlatform-RealmPlatformTests/Pods-RealmPlatform-RealmPlatformTests.release.xcconfig"; sourceTree = "<group>"; };
		541EA39EDD6CD3448129D45D /* Pods-RealmPlatform.release.xcconfig */ = {isa = PBXFileReference; includeInIndex = 1; lastKnownFileType = text.xcconfig; name = "Pods-RealmPlatform.release.xcconfig"; path = "Target Support Files/Pods-RealmPlatform/Pods-RealmPlatform.release.xcconfig"; sourceTree = "<group>"; };
		7CA99D80A44688066D444C30 /* Pods_RealmPlatform.framework */ = {isa = PBXFileReference; explicitFileType = wrapper.framework; includeInIndex = 0; path = Pods_RealmPlatform.framework; sourceTree = BUILT_PRODUCTS_DIR; };
		BA74ACFBECAD7856451C78D7 /* Pods-RealmPlatform-RealmPlatformTests.debug.xcconfig */ = {isa = PBXFileReference; includeInIndex = 1; lastKnownFileType = text.xcconfig; name = "Pods-RealmPlatform-RealmPlatformTests.debug.xcconfig"; path = "Target Support Files/Pods-RealmPlatform-RealmPlatformTests/Pods-RealmPlatform-RealmPlatformTests.debug.xcconfig"; sourceTree = "<group>"; };
/* End PBXFileReference section */

/* Begin PBXFrameworksBuildPhase section */
		2F6F58B927914EC80025552B /* Frameworks */ = {
			isa = PBXFrameworksBuildPhase;
			buildActionMask = 2147483647;
			files = (
				2F6F58D927914F420025552B /* Domain.framework in Frameworks */,
				8B0A051567CBC14E2F34E2A3 /* Pods_RealmPlatform.framework in Frameworks */,
			);
			runOnlyForDeploymentPostprocessing = 0;
		};
		2F6F58C127914EC80025552B /* Frameworks */ = {
			isa = PBXFrameworksBuildPhase;
			buildActionMask = 2147483647;
			files = (
				2F6F58C527914EC80025552B /* RealmPlatform.framework in Frameworks */,
				DDEBF4EB17D8D21BF7BCBF89 /* Pods_RealmPlatform_RealmPlatformTests.framework in Frameworks */,
			);
			runOnlyForDeploymentPostprocessing = 0;
		};
/* End PBXFrameworksBuildPhase section */

/* Begin PBXGroup section */
		2F6F58B227914EC80025552B = {
			isa = PBXGroup;
			children = (
				2F6F58BE27914EC80025552B /* RealmPlatform */,
				2F6F58C827914EC80025552B /* RealmPlatformTests */,
				2F6F58BD27914EC80025552B /* Products */,
				2F6F58D727914F420025552B /* Frameworks */,
				85911C890DDC510DAB180111 /* Pods */,
			);
			sourceTree = "<group>";
		};
		2F6F58BD27914EC80025552B /* Products */ = {
			isa = PBXGroup;
			children = (
				2F6F58BC27914EC80025552B /* RealmPlatform.framework */,
				2F6F58C427914EC80025552B /* RealmPlatformTests.xctest */,
			);
			name = Products;
			sourceTree = "<group>";
		};
		2F6F58BE27914EC80025552B /* RealmPlatform */ = {
			isa = PBXGroup;
			children = (
				2F6F58FB2791B8F10025552B /* RealmConfiguration */,
				2F6F58E127917FFC0025552B /* Entities */,
				2F6F58DE27917C040025552B /* DAO */,
				2F6F58F22791A38B0025552B /* Extension */,
				2F6F58BF27914EC80025552B /* RealmPlatform.h */,
			);
			path = RealmPlatform;
			sourceTree = "<group>";
		};
		2F6F58C827914EC80025552B /* RealmPlatformTests */ = {
			isa = PBXGroup;
			children = (
				2F6F58F92791B3330025552B /* DaoTests.swift */,
			);
			path = RealmPlatformTests;
			sourceTree = "<group>";
		};
		2F6F58D727914F420025552B /* Frameworks */ = {
			isa = PBXGroup;
			children = (
				2F6F58D827914F420025552B /* Domain.framework */,
				7CA99D80A44688066D444C30 /* Pods_RealmPlatform.framework */,
				2B0C7E9A818A7E9BAD024240 /* Pods_RealmPlatform_RealmPlatformTests.framework */,
			);
			name = Frameworks;
			sourceTree = "<group>";
		};
		2F6F58DE27917C040025552B /* DAO */ = {
			isa = PBXGroup;
			children = (
				2F6F58EE279193A70025552B /* DAO.swift */,
				2F6F58F0279194C40025552B /* DAOImpl.swift */,
			);
			path = DAO;
			sourceTree = "<group>";
		};
		2F6F58E127917FFC0025552B /* Entities */ = {
			isa = PBXGroup;
			children = (
				2F6F58ED279193160025552B /* RepresentableSupport */,
				2F6F58E7279185790025552B /* Common */,
				2F6F58E8279185800025552B /* Realm */,
			);
			path = Entities;
			sourceTree = "<group>";
		};
		2F6F58E7279185790025552B /* Common */ = {
			isa = PBXGroup;
			children = (
				2F6F58E2279180100025552B /* Post.swift */,
			);
			path = Common;
			sourceTree = "<group>";
		};
		2F6F58E8279185800025552B /* Realm */ = {
			isa = PBXGroup;
			children = (
				2F6F58E5279183A30025552B /* RMPost.swift */,
			);
			path = Realm;
			sourceTree = "<group>";
		};
		2F6F58ED279193160025552B /* RepresentableSupport */ = {
			isa = PBXGroup;
			children = (
				2F6F58E9279192C00025552B /* CommonRepresentable.swift */,
				2F6F58EB279192EE0025552B /* RealmRepresentable.swift */,
			);
			path = RepresentableSupport;
			sourceTree = "<group>";
		};
		2F6F58F22791A38B0025552B /* Extension */ = {
			isa = PBXGroup;
			children = (
				2F6F58F62791A3E50025552B /* SwiftSdk+extension */,
				2F6F58F32791A3A60025552B /* Rx+extension */,
			);
			path = Extension;
			sourceTree = "<group>";
		};
		2F6F58F32791A3A60025552B /* Rx+extension */ = {
			isa = PBXGroup;
			children = (
				2F6F58F42791A3D30025552B /* Observable+extension.swift */,
			);
			path = "Rx+extension";
			sourceTree = "<group>";
		};
		2F6F58F62791A3E50025552B /* SwiftSdk+extension */ = {
			isa = PBXGroup;
			children = (
				2F6F58F72791A44B0025552B /* Sequence+extension.swift */,
			);
			path = "SwiftSdk+extension";
			sourceTree = "<group>";
		};
		2F6F58FB2791B8F10025552B /* RealmConfiguration */ = {
			isa = PBXGroup;
			children = (
				2F6F58FC2791B9080025552B /* RealmConfigurationFactory.swift */,
			);
			path = RealmConfiguration;
			sourceTree = "<group>";
		};
		85911C890DDC510DAB180111 /* Pods */ = {
			isa = PBXGroup;
			children = (
				08E76EBD01E1E0121E560529 /* Pods-RealmPlatform.debug.xcconfig */,
				541EA39EDD6CD3448129D45D /* Pods-RealmPlatform.release.xcconfig */,
				BA74ACFBECAD7856451C78D7 /* Pods-RealmPlatform-RealmPlatformTests.debug.xcconfig */,
				4C1D10F8C4E1D434BA1AFC74 /* Pods-RealmPlatform-RealmPlatformTests.release.xcconfig */,
			);
			name = Pods;
			path = ../Pods;
			sourceTree = "<group>";
		};
/* End PBXGroup section */

/* Begin PBXHeadersBuildPhase section */
		2F6F58B727914EC80025552B /* Headers */ = {
			isa = PBXHeadersBuildPhase;
			buildActionMask = 2147483647;
			files = (
				2F6F58CB27914EC80025552B /* RealmPlatform.h in Headers */,
			);
			runOnlyForDeploymentPostprocessing = 0;
		};
/* End PBXHeadersBuildPhase section */

/* Begin PBXNativeTarget section */
		2F6F58BB27914EC80025552B /* RealmPlatform */ = {
			isa = PBXNativeTarget;
			buildConfigurationList = 2F6F58CE27914EC80025552B /* Build configuration list for PBXNativeTarget "RealmPlatform" */;
			buildPhases = (
				AB0C14F737282B587B63A3FB /* [CP] Check Pods Manifest.lock */,
				2F6F58B727914EC80025552B /* Headers */,
				2F6F58B827914EC80025552B /* Sources */,
				2F6F58B927914EC80025552B /* Frameworks */,
				2F6F58BA27914EC80025552B /* Resources */,
			);
			buildRules = (
			);
			dependencies = (
			);
			name = RealmPlatform;
			productName = RealmPlatform;
			productReference = 2F6F58BC27914EC80025552B /* RealmPlatform.framework */;
			productType = "com.apple.product-type.framework";
		};
		2F6F58C327914EC80025552B /* RealmPlatformTests */ = {
			isa = PBXNativeTarget;
			buildConfigurationList = 2F6F58D127914EC80025552B /* Build configuration list for PBXNativeTarget "RealmPlatformTests" */;
			buildPhases = (
				3A99E6CCF6A7238196023088 /* [CP] Check Pods Manifest.lock */,
				2F6F58C027914EC80025552B /* Sources */,
				2F6F58C127914EC80025552B /* Frameworks */,
				2F6F58C227914EC80025552B /* Resources */,
				3C0E2E16D73FE2B6F1A7AD31 /* [CP] Embed Pods Frameworks */,
			);
			buildRules = (
			);
			dependencies = (
				2F6F58C727914EC80025552B /* PBXTargetDependency */,
			);
			name = RealmPlatformTests;
			productName = RealmPlatformTests;
			productReference = 2F6F58C427914EC80025552B /* RealmPlatformTests.xctest */;
			productType = "com.apple.product-type.bundle.unit-test";
		};
/* End PBXNativeTarget section */

/* Begin PBXProject section */
		2F6F58B327914EC80025552B /* Project object */ = {
			isa = PBXProject;
			attributes = {
				BuildIndependentTargetsInParallel = 1;
				LastSwiftUpdateCheck = 1320;
				LastUpgradeCheck = 1320;
				TargetAttributes = {
					2F6F58BB27914EC80025552B = {
						CreatedOnToolsVersion = 13.2.1;
						LastSwiftMigration = 1320;
					};
					2F6F58C327914EC80025552B = {
						CreatedOnToolsVersion = 13.2.1;
					};
				};
			};
			buildConfigurationList = 2F6F58B627914EC80025552B /* Build configuration list for PBXProject "RealmPlatform" */;
			compatibilityVersion = "Xcode 13.0";
			developmentRegion = en;
			hasScannedForEncodings = 0;
			knownRegions = (
				en,
				Base,
			);
			mainGroup = 2F6F58B227914EC80025552B;
			productRefGroup = 2F6F58BD27914EC80025552B /* Products */;
			projectDirPath = "";
			projectRoot = "";
			targets = (
				2F6F58BB27914EC80025552B /* RealmPlatform */,
				2F6F58C327914EC80025552B /* RealmPlatformTests */,
			);
		};
/* End PBXProject section */

/* Begin PBXResourcesBuildPhase section */
		2F6F58BA27914EC80025552B /* Resources */ = {
			isa = PBXResourcesBuildPhase;
			buildActionMask = 2147483647;
			files = (
			);
			runOnlyForDeploymentPostprocessing = 0;
		};
		2F6F58C227914EC80025552B /* Resources */ = {
			isa = PBXResourcesBuildPhase;
			buildActionMask = 2147483647;
			files = (
			);
			runOnlyForDeploymentPostprocessing = 0;
		};
/* End PBXResourcesBuildPhase section */

/* Begin PBXShellScriptBuildPhase section */
		3A99E6CCF6A7238196023088 /* [CP] Check Pods Manifest.lock */ = {
			isa = PBXShellScriptBuildPhase;
			buildActionMask = 2147483647;
			files = (
			);
			inputFileListPaths = (
			);
			inputPaths = (
				"${PODS_PODFILE_DIR_PATH}/Podfile.lock",
				"${PODS_ROOT}/Manifest.lock",
			);
			name = "[CP] Check Pods Manifest.lock";
			outputFileListPaths = (
			);
			outputPaths = (
				"$(DERIVED_FILE_DIR)/Pods-RealmPlatform-RealmPlatformTests-checkManifestLockResult.txt",
			);
			runOnlyForDeploymentPostprocessing = 0;
			shellPath = /bin/sh;
			shellScript = "diff \"${PODS_PODFILE_DIR_PATH}/Podfile.lock\" \"${PODS_ROOT}/Manifest.lock\" > /dev/null\nif [ $? != 0 ] ; then\n    # print error to STDERR\n    echo \"error: The sandbox is not in sync with the Podfile.lock. Run 'pod install' or update your CocoaPods installation.\" >&2\n    exit 1\nfi\n# This output is used by Xcode 'outputs' to avoid re-running this script phase.\necho \"SUCCESS\" > \"${SCRIPT_OUTPUT_FILE_0}\"\n";
			showEnvVarsInLog = 0;
		};
		3C0E2E16D73FE2B6F1A7AD31 /* [CP] Embed Pods Frameworks */ = {
			isa = PBXShellScriptBuildPhase;
			buildActionMask = 2147483647;
			files = (
			);
			inputFileListPaths = (
				"${PODS_ROOT}/Target Support Files/Pods-RealmPlatform-RealmPlatformTests/Pods-RealmPlatform-RealmPlatformTests-frameworks-${CONFIGURATION}-input-files.xcfilelist",
			);
			name = "[CP] Embed Pods Frameworks";
			outputFileListPaths = (
				"${PODS_ROOT}/Target Support Files/Pods-RealmPlatform-RealmPlatformTests/Pods-RealmPlatform-RealmPlatformTests-frameworks-${CONFIGURATION}-output-files.xcfilelist",
			);
			runOnlyForDeploymentPostprocessing = 0;
			shellPath = /bin/sh;
			shellScript = "\"${PODS_ROOT}/Target Support Files/Pods-RealmPlatform-RealmPlatformTests/Pods-RealmPlatform-RealmPlatformTests-frameworks.sh\"\n";
			showEnvVarsInLog = 0;
		};
		AB0C14F737282B587B63A3FB /* [CP] Check Pods Manifest.lock */ = {
			isa = PBXShellScriptBuildPhase;
			buildActionMask = 2147483647;
			files = (
			);
			inputFileListPaths = (
			);
			inputPaths = (
				"${PODS_PODFILE_DIR_PATH}/Podfile.lock",
				"${PODS_ROOT}/Manifest.lock",
			);
			name = "[CP] Check Pods Manifest.lock";
			outputFileListPaths = (
			);
			outputPaths = (
				"$(DERIVED_FILE_DIR)/Pods-RealmPlatform-checkManifestLockResult.txt",
			);
			runOnlyForDeploymentPostprocessing = 0;
			shellPath = /bin/sh;
			shellScript = "diff \"${PODS_PODFILE_DIR_PATH}/Podfile.lock\" \"${PODS_ROOT}/Manifest.lock\" > /dev/null\nif [ $? != 0 ] ; then\n    # print error to STDERR\n    echo \"error: The sandbox is not in sync with the Podfile.lock. Run 'pod install' or update your CocoaPods installation.\" >&2\n    exit 1\nfi\n# This output is used by Xcode 'outputs' to avoid re-running this script phase.\necho \"SUCCESS\" > \"${SCRIPT_OUTPUT_FILE_0}\"\n";
			showEnvVarsInLog = 0;
		};
/* End PBXShellScriptBuildPhase section */

/* Begin PBXSourcesBuildPhase section */
		2F6F58B827914EC80025552B /* Sources */ = {
			isa = PBXSourcesBuildPhase;
			buildActionMask = 2147483647;
			files = (
				2F6F58F1279194C40025552B /* DAOImpl.swift in Sources */,
				2F6F58EF279193A70025552B /* DAO.swift in Sources */,
				2F6F58EC279192EE0025552B /* RealmRepresentable.swift in Sources */,
				2F6F58E3279180100025552B /* Post.swift in Sources */,
				2F6F58F82791A44B0025552B /* Sequence+extension.swift in Sources */,
				2F6F58FD2791B9080025552B /* RealmConfigurationFactory.swift in Sources */,
				2F6F58EA279192C00025552B /* CommonRepresentable.swift in Sources */,
				2F6F58F52791A3D30025552B /* Observable+extension.swift in Sources */,
				2F6F58E6279183A30025552B /* RMPost.swift in Sources */,
			);
			runOnlyForDeploymentPostprocessing = 0;
		};
		2F6F58C027914EC80025552B /* Sources */ = {
			isa = PBXSourcesBuildPhase;
			buildActionMask = 2147483647;
			files = (
				2F6F58FA2791B3330025552B /* DaoTests.swift in Sources */,
			);
			runOnlyForDeploymentPostprocessing = 0;
		};
/* End PBXSourcesBuildPhase section */

/* Begin PBXTargetDependency section */
		2F6F58C727914EC80025552B /* PBXTargetDependency */ = {
			isa = PBXTargetDependency;
			target = 2F6F58BB27914EC80025552B /* RealmPlatform */;
			targetProxy = 2F6F58C627914EC80025552B /* PBXContainerItemProxy */;
		};
/* End PBXTargetDependency section */

/* Begin XCBuildConfiguration section */
		2F6F58CC27914EC80025552B /* Debug */ = {
			isa = XCBuildConfiguration;
			buildSettings = {
				ALWAYS_SEARCH_USER_PATHS = NO;
				CLANG_ANALYZER_NONNULL = YES;
				CLANG_ANALYZER_NUMBER_OBJECT_CONVERSION = YES_AGGRESSIVE;
				CLANG_CXX_LANGUAGE_STANDARD = "gnu++17";
				CLANG_CXX_LIBRARY = "libc++";
				CLANG_ENABLE_MODULES = YES;
				CLANG_ENABLE_OBJC_ARC = YES;
				CLANG_ENABLE_OBJC_WEAK = YES;
				CLANG_WARN_BLOCK_CAPTURE_AUTORELEASING = YES;
				CLANG_WARN_BOOL_CONVERSION = YES;
				CLANG_WARN_COMMA = YES;
				CLANG_WARN_CONSTANT_CONVERSION = YES;
				CLANG_WARN_DEPRECATED_OBJC_IMPLEMENTATIONS = YES;
				CLANG_WARN_DIRECT_OBJC_ISA_USAGE = YES_ERROR;
				CLANG_WARN_DOCUMENTATION_COMMENTS = YES;
				CLANG_WARN_EMPTY_BODY = YES;
				CLANG_WARN_ENUM_CONVERSION = YES;
				CLANG_WARN_INFINITE_RECURSION = YES;
				CLANG_WARN_INT_CONVERSION = YES;
				CLANG_WARN_NON_LITERAL_NULL_CONVERSION = YES;
				CLANG_WARN_OBJC_IMPLICIT_RETAIN_SELF = YES;
				CLANG_WARN_OBJC_LITERAL_CONVERSION = YES;
				CLANG_WARN_OBJC_ROOT_CLASS = YES_ERROR;
				CLANG_WARN_QUOTED_INCLUDE_IN_FRAMEWORK_HEADER = YES;
				CLANG_WARN_RANGE_LOOP_ANALYSIS = YES;
				CLANG_WARN_STRICT_PROTOTYPES = YES;
				CLANG_WARN_SUSPICIOUS_MOVE = YES;
				CLANG_WARN_UNGUARDED_AVAILABILITY = YES_AGGRESSIVE;
				CLANG_WARN_UNREACHABLE_CODE = YES;
				CLANG_WARN__DUPLICATE_METHOD_MATCH = YES;
				COPY_PHASE_STRIP = NO;
				CURRENT_PROJECT_VERSION = 1;
				DEBUG_INFORMATION_FORMAT = dwarf;
				ENABLE_STRICT_OBJC_MSGSEND = YES;
				ENABLE_TESTABILITY = YES;
				GCC_C_LANGUAGE_STANDARD = gnu11;
				GCC_DYNAMIC_NO_PIC = NO;
				GCC_NO_COMMON_BLOCKS = YES;
				GCC_OPTIMIZATION_LEVEL = 0;
				GCC_PREPROCESSOR_DEFINITIONS = (
					"DEBUG=1",
					"$(inherited)",
				);
				GCC_WARN_64_TO_32_BIT_CONVERSION = YES;
				GCC_WARN_ABOUT_RETURN_TYPE = YES_ERROR;
				GCC_WARN_UNDECLARED_SELECTOR = YES;
				GCC_WARN_UNINITIALIZED_AUTOS = YES_AGGRESSIVE;
				GCC_WARN_UNUSED_FUNCTION = YES;
				GCC_WARN_UNUSED_VARIABLE = YES;
				IPHONEOS_DEPLOYMENT_TARGET = 13.0;
				MTL_ENABLE_DEBUG_INFO = INCLUDE_SOURCE;
				MTL_FAST_MATH = YES;
				ONLY_ACTIVE_ARCH = YES;
				SDKROOT = iphoneos;
				SWIFT_ACTIVE_COMPILATION_CONDITIONS = DEBUG;
				SWIFT_OPTIMIZATION_LEVEL = "-Onone";
				VERSIONING_SYSTEM = "apple-generic";
				VERSION_INFO_PREFIX = "";
			};
			name = Debug;
		};
		2F6F58CD27914EC80025552B /* Release */ = {
			isa = XCBuildConfiguration;
			buildSettings = {
				ALWAYS_SEARCH_USER_PATHS = NO;
				CLANG_ANALYZER_NONNULL = YES;
				CLANG_ANALYZER_NUMBER_OBJECT_CONVERSION = YES_AGGRESSIVE;
				CLANG_CXX_LANGUAGE_STANDARD = "gnu++17";
				CLANG_CXX_LIBRARY = "libc++";
				CLANG_ENABLE_MODULES = YES;
				CLANG_ENABLE_OBJC_ARC = YES;
				CLANG_ENABLE_OBJC_WEAK = YES;
				CLANG_WARN_BLOCK_CAPTURE_AUTORELEASING = YES;
				CLANG_WARN_BOOL_CONVERSION = YES;
				CLANG_WARN_COMMA = YES;
				CLANG_WARN_CONSTANT_CONVERSION = YES;
				CLANG_WARN_DEPRECATED_OBJC_IMPLEMENTATIONS = YES;
				CLANG_WARN_DIRECT_OBJC_ISA_USAGE = YES_ERROR;
				CLANG_WARN_DOCUMENTATION_COMMENTS = YES;
				CLANG_WARN_EMPTY_BODY = YES;
				CLANG_WARN_ENUM_CONVERSION = YES;
				CLANG_WARN_INFINITE_RECURSION = YES;
				CLANG_WARN_INT_CONVERSION = YES;
				CLANG_WARN_NON_LITERAL_NULL_CONVERSION = YES;
				CLANG_WARN_OBJC_IMPLICIT_RETAIN_SELF = YES;
				CLANG_WARN_OBJC_LITERAL_CONVERSION = YES;
				CLANG_WARN_OBJC_ROOT_CLASS = YES_ERROR;
				CLANG_WARN_QUOTED_INCLUDE_IN_FRAMEWORK_HEADER = YES;
				CLANG_WARN_RANGE_LOOP_ANALYSIS = YES;
				CLANG_WARN_STRICT_PROTOTYPES = YES;
				CLANG_WARN_SUSPICIOUS_MOVE = YES;
				CLANG_WARN_UNGUARDED_AVAILABILITY = YES_AGGRESSIVE;
				CLANG_WARN_UNREACHABLE_CODE = YES;
				CLANG_WARN__DUPLICATE_METHOD_MATCH = YES;
				COPY_PHASE_STRIP = NO;
				CURRENT_PROJECT_VERSION = 1;
				DEBUG_INFORMATION_FORMAT = "dwarf-with-dsym";
				ENABLE_NS_ASSERTIONS = NO;
				ENABLE_STRICT_OBJC_MSGSEND = YES;
				GCC_C_LANGUAGE_STANDARD = gnu11;
				GCC_NO_COMMON_BLOCKS = YES;
				GCC_WARN_64_TO_32_BIT_CONVERSION = YES;
				GCC_WARN_ABOUT_RETURN_TYPE = YES_ERROR;
				GCC_WARN_UNDECLARED_SELECTOR = YES;
				GCC_WARN_UNINITIALIZED_AUTOS = YES_AGGRESSIVE;
				GCC_WARN_UNUSED_FUNCTION = YES;
				GCC_WARN_UNUSED_VARIABLE = YES;
				IPHONEOS_DEPLOYMENT_TARGET = 13.0;
				MTL_ENABLE_DEBUG_INFO = NO;
				MTL_FAST_MATH = YES;
				SDKROOT = iphoneos;
				SWIFT_COMPILATION_MODE = wholemodule;
				SWIFT_OPTIMIZATION_LEVEL = "-O";
				VALIDATE_PRODUCT = YES;
				VERSIONING_SYSTEM = "apple-generic";
				VERSION_INFO_PREFIX = "";
			};
			name = Release;
		};
		2F6F58CF27914EC80025552B /* Debug */ = {
			isa = XCBuildConfiguration;
			baseConfigurationReference = 08E76EBD01E1E0121E560529 /* Pods-RealmPlatform.debug.xcconfig */;
			buildSettings = {
				CLANG_ENABLE_MODULES = YES;
				CODE_SIGN_STYLE = Automatic;
				CURRENT_PROJECT_VERSION = 1;
				DEFINES_MODULE = YES;
				DEVELOPMENT_TEAM = GHXPN8A4H7;
				DYLIB_COMPATIBILITY_VERSION = 1;
				DYLIB_CURRENT_VERSION = 1;
				DYLIB_INSTALL_NAME_BASE = "@rpath";
				GENERATE_INFOPLIST_FILE = YES;
				INFOPLIST_KEY_NSHumanReadableCopyright = "";
				INSTALL_PATH = "$(LOCAL_LIBRARY_DIR)/Frameworks";
				LD_RUNPATH_SEARCH_PATHS = (
					"$(inherited)",
					"@executable_path/Frameworks",
					"@loader_path/Frameworks",
				);
				MARKETING_VERSION = 1.0;
				PRODUCT_BUNDLE_IDENTIFIER = com.muzle.RealmPlatform;
				PRODUCT_NAME = "$(TARGET_NAME:c99extidentifier)";
				SKIP_INSTALL = YES;
				SWIFT_EMIT_LOC_STRINGS = YES;
				SWIFT_OPTIMIZATION_LEVEL = "-Onone";
				SWIFT_VERSION = 5.0;
				TARGETED_DEVICE_FAMILY = "1,2";
			};
			name = Debug;
		};
		2F6F58D027914EC80025552B /* Release */ = {
			isa = XCBuildConfiguration;
			baseConfigurationReference = 541EA39EDD6CD3448129D45D /* Pods-RealmPlatform.release.xcconfig */;
			buildSettings = {
				CLANG_ENABLE_MODULES = YES;
				CODE_SIGN_STYLE = Automatic;
				CURRENT_PROJECT_VERSION = 1;
				DEFINES_MODULE = YES;
				DEVELOPMENT_TEAM = GHXPN8A4H7;
				DYLIB_COMPATIBILITY_VERSION = 1;
				DYLIB_CURRENT_VERSION = 1;
				DYLIB_INSTALL_NAME_BASE = "@rpath";
				GENERATE_INFOPLIST_FILE = YES;
				INFOPLIST_KEY_NSHumanReadableCopyright = "";
				INSTALL_PATH = "$(LOCAL_LIBRARY_DIR)/Frameworks";
				LD_RUNPATH_SEARCH_PATHS = (
					"$(inherited)",
					"@executable_path/Frameworks",
					"@loader_path/Frameworks",
				);
				MARKETING_VERSION = 1.0;
				PRODUCT_BUNDLE_IDENTIFIER = com.muzle.RealmPlatform;
				PRODUCT_NAME = "$(TARGET_NAME:c99extidentifier)";
				SKIP_INSTALL = YES;
				SWIFT_EMIT_LOC_STRINGS = YES;
				SWIFT_VERSION = 5.0;
				TARGETED_DEVICE_FAMILY = "1,2";
			};
			name = Release;
		};
		2F6F58D227914EC80025552B /* Debug */ = {
			isa = XCBuildConfiguration;
			baseConfigurationReference = BA74ACFBECAD7856451C78D7 /* Pods-RealmPlatform-RealmPlatformTests.debug.xcconfig */;
			buildSettings = {
				ALWAYS_EMBED_SWIFT_STANDARD_LIBRARIES = YES;
				CODE_SIGN_STYLE = Automatic;
				CURRENT_PROJECT_VERSION = 1;
				DEVELOPMENT_TEAM = GHXPN8A4H7;
				GENERATE_INFOPLIST_FILE = YES;
				MARKETING_VERSION = 1.0;
				PRODUCT_BUNDLE_IDENTIFIER = com.muzle.RealmPlatformTests;
				PRODUCT_NAME = "$(TARGET_NAME)";
				SWIFT_EMIT_LOC_STRINGS = NO;
				SWIFT_VERSION = 5.0;
				TARGETED_DEVICE_FAMILY = "1,2";
			};
			name = Debug;
		};
		2F6F58D327914EC80025552B /* Release */ = {
			isa = XCBuildConfiguration;
			baseConfigurationReference = 4C1D10F8C4E1D434BA1AFC74 /* Pods-RealmPlatform-RealmPlatformTests.release.xcconfig */;
			buildSettings = {
				ALWAYS_EMBED_SWIFT_STANDARD_LIBRARIES = YES;
				CODE_SIGN_STYLE = Automatic;
				CURRENT_PROJECT_VERSION = 1;
				DEVELOPMENT_TEAM = GHXPN8A4H7;
				GENERATE_INFOPLIST_FILE = YES;
				MARKETING_VERSION = 1.0;
				PRODUCT_BUNDLE_IDENTIFIER = com.muzle.RealmPlatformTests;
				PRODUCT_NAME = "$(TARGET_NAME)";
				SWIFT_EMIT_LOC_STRINGS = NO;
				SWIFT_VERSION = 5.0;
				TARGETED_DEVICE_FAMILY = "1,2";
			};
			name = Release;
		};
/* End XCBuildConfiguration section */

/* Begin XCConfigurationList section */
		2F6F58B627914EC80025552B /* Build configuration list for PBXProject "RealmPlatform" */ = {
			isa = XCConfigurationList;
			buildConfigurations = (
				2F6F58CC27914EC80025552B /* Debug */,
				2F6F58CD27914EC80025552B /* Release */,
			);
			defaultConfigurationIsVisible = 0;
			defaultConfigurationName = Release;
		};
		2F6F58CE27914EC80025552B /* Build configuration list for PBXNativeTarget "RealmPlatform" */ = {
			isa = XCConfigurationList;
			buildConfigurations = (
				2F6F58CF27914EC80025552B /* Debug */,
				2F6F58D027914EC80025552B /* Release */,
			);
			defaultConfigurationIsVisible = 0;
			defaultConfigurationName = Release;
		};
		2F6F58D127914EC80025552B /* Build configuration list for PBXNativeTarget "RealmPlatformTests" */ = {
			isa = XCConfigurationList;
			buildConfigurations = (
				2F6F58D227914EC80025552B /* Debug */,
				2F6F58D327914EC80025552B /* Release */,
			);
			defaultConfigurationIsVisible = 0;
			defaultConfigurationName = Release;
		};
/* End XCConfigurationList section */
	};
	rootObject = 2F6F58B327914EC80025552B /* Project object */;
}
